// !$*UTF8*$!
{
	archiveVersion = 1;
	classes = {
	};
	objectVersion = 46;
	objects = {

/* Begin PBXBuildFile section */
		B5039B1F1CB7FF1E00C7865F /* buttondelete.png in Resources */ = {isa = PBXBuildFile; fileRef = B5039B1C1CB7FF1E00C7865F /* buttondelete.png */; };
		B5039B201CB7FF1E00C7865F /* buttonsave.png in Resources */ = {isa = PBXBuildFile; fileRef = B5039B1D1CB7FF1E00C7865F /* buttonsave.png */; };
		B5039B211CB7FF1E00C7865F /* buttonshare.png in Resources */ = {isa = PBXBuildFile; fileRef = B5039B1E1CB7FF1E00C7865F /* buttonshare.png */; };
		B5039B241CB8BB8700C7865F /* selected.png in Resources */ = {isa = PBXBuildFile; fileRef = B5039B221CB8BB8700C7865F /* selected.png */; };
		B5039B251CB8BB8700C7865F /* unselected.png in Resources */ = {isa = PBXBuildFile; fileRef = B5039B231CB8BB8700C7865F /* unselected.png */; };
		B5039B381CBA5C1100C7865F /* airdrop1.png in Resources */ = {isa = PBXBuildFile; fileRef = B5039B261CBA5C1100C7865F /* airdrop1.png */; };
		B5039B391CBA5C1100C7865F /* album.png in Resources */ = {isa = PBXBuildFile; fileRef = B5039B271CBA5C1100C7865F /* album.png */; };
		B5039B431CBA5C1100C7865F /* check1.png in Resources */ = {isa = PBXBuildFile; fileRef = B5039B341CBA5C1100C7865F /* check1.png */; };
		B5039B441CBA5C1100C7865F /* check2.png in Resources */ = {isa = PBXBuildFile; fileRef = B5039B351CBA5C1100C7865F /* check2.png */; };
		B5039B451CBA5C1100C7865F /* delete.png in Resources */ = {isa = PBXBuildFile; fileRef = B5039B361CBA5C1100C7865F /* delete.png */; };
		B5039B461CBA5C1100C7865F /* gallery.png in Resources */ = {isa = PBXBuildFile; fileRef = B5039B371CBA5C1100C7865F /* gallery.png */; };
		B50D38B91B7F4BE10024E464 /* SettingViewController.m in Sources */ = {isa = PBXBuildFile; fileRef = B50D38B81B7F4BE10024E464 /* SettingViewController.m */; };
		B50F99801C109E5900240C9D /* EmoticonCharacterView.m in Sources */ = {isa = PBXBuildFile; fileRef = B50F997F1C109E5900240C9D /* EmoticonCharacterView.m */; };
		B50F99831C12815700240C9D /* GridView.m in Sources */ = {isa = PBXBuildFile; fileRef = B50F99821C12815700240C9D /* GridView.m */; };
		B523C9D21B78FAB500944004 /* CategoryViewController.m in Sources */ = {isa = PBXBuildFile; fileRef = B523C9BD1B78FAB500944004 /* CategoryViewController.m */; };
		B523C9D31B78FAB500944004 /* CreateViewController.m in Sources */ = {isa = PBXBuildFile; fileRef = B523C9BF1B78FAB500944004 /* CreateViewController.m */; };
		B523C9D41B78FAB500944004 /* ImageViewController.m in Sources */ = {isa = PBXBuildFile; fileRef = B523C9C11B78FAB500944004 /* ImageViewController.m */; };
		B523C9D91B78FAB500944004 /* DetailViewController.m in Sources */ = {isa = PBXBuildFile; fileRef = B523C9CC1B78FAB500944004 /* DetailViewController.m */; };
		B523C9DB1B78FAB500944004 /* ThreadsViewController.m in Sources */ = {isa = PBXBuildFile; fileRef = B523C9D01B78FAB500944004 /* ThreadsViewController.m */; };
		B523C9E91B78FADC00944004 /* ButtonData.m in Sources */ = {isa = PBXBuildFile; fileRef = B523C9DE1B78FADC00944004 /* ButtonData.m */; };
		B523C9EA1B78FADC00944004 /* CookieManage.m in Sources */ = {isa = PBXBuildFile; fileRef = B523C9E01B78FADC00944004 /* CookieManage.m */; };
		B523C9EB1B78FADC00944004 /* PopupView.m in Sources */ = {isa = PBXBuildFile; fileRef = B523C9E21B78FADC00944004 /* PopupView.m */; };
		B523C9EC1B78FADC00944004 /* PostData.m in Sources */ = {isa = PBXBuildFile; fileRef = B523C9E41B78FADC00944004 /* PostData.m */; };
		B523C9ED1B78FADC00944004 /* PostDataCellView.m in Sources */ = {isa = PBXBuildFile; fileRef = B523C9E61B78FADC00944004 /* PostDataCellView.m */; };
		B523C9F51B78FAFD00944004 /* AppConfig.m in Sources */ = {isa = PBXBuildFile; fileRef = B523C9F11B78FAFD00944004 /* AppConfig.m */; };
		B523C9F61B78FAFD00944004 /* FuncDefine.m in Sources */ = {isa = PBXBuildFile; fileRef = B523C9F41B78FAFD00944004 /* FuncDefine.m */; };
		B523C9FB1B78FD6F00944004 /* BannerView.m in Sources */ = {isa = PBXBuildFile; fileRef = B523C9F81B78FD6F00944004 /* BannerView.m */; };
		B523C9FC1B78FD6F00944004 /* PostImageView.m in Sources */ = {isa = PBXBuildFile; fileRef = B523C9FA1B78FD6F00944004 /* PostImageView.m */; };
		B523CA111B78FDB100944004 /* 1.gif in Resources */ = {isa = PBXBuildFile; fileRef = B523C9FF1B78FDB100944004 /* 1.gif */; };
		B523CA121B78FDB100944004 /* appicon1.png in Resources */ = {isa = PBXBuildFile; fileRef = B523CA001B78FDB100944004 /* appicon1.png */; };
		B523CA131B78FDB100944004 /* appicon0.png in Resources */ = {isa = PBXBuildFile; fileRef = B523CA011B78FDB100944004 /* appicon0.png */; };
		B523CA141B78FDB100944004 /* appicont.png in Resources */ = {isa = PBXBuildFile; fileRef = B523CA021B78FDB100944004 /* appicont.png */; };
		B523CA151B78FDB100944004 /* back.png in Resources */ = {isa = PBXBuildFile; fileRef = B523CA031B78FDB100944004 /* back.png */; };
		B523CA161B78FDB100944004 /* back1.png in Resources */ = {isa = PBXBuildFile; fileRef = B523CA041B78FDB100944004 /* back1.png */; };
		B523CA171B78FDB100944004 /* backn.png in Resources */ = {isa = PBXBuildFile; fileRef = B523CA051B78FDB100944004 /* backn.png */; };
		B523CA181B78FDB100944004 /* edit.png in Resources */ = {isa = PBXBuildFile; fileRef = B523CA061B78FDB100944004 /* edit.png */; };
		B523CA191B78FDB100944004 /* edit1.png in Resources */ = {isa = PBXBuildFile; fileRef = B523CA071B78FDB100944004 /* edit1.png */; };
		B523CA1A1B78FDB100944004 /* jumppage.png in Resources */ = {isa = PBXBuildFile; fileRef = B523CA081B78FDB100944004 /* jumppage.png */; };
		B523CA1B1B78FDB100944004 /* more.png in Resources */ = {isa = PBXBuildFile; fileRef = B523CA091B78FDB100944004 /* more.png */; };
		B523CA1C1B78FDB100944004 /* new.png in Resources */ = {isa = PBXBuildFile; fileRef = B523CA0A1B78FDB100944004 /* new.png */; };
		B523CA1D1B78FDB100944004 /* new1.png in Resources */ = {isa = PBXBuildFile; fileRef = B523CA0B1B78FDB100944004 /* new1.png */; };
		B523CA1E1B78FDB100944004 /* refresh.png in Resources */ = {isa = PBXBuildFile; fileRef = B523CA0C1B78FDB100944004 /* refresh.png */; };
		B523CA1F1B78FDB100944004 /* reply.png in Resources */ = {isa = PBXBuildFile; fileRef = B523CA0D1B78FDB100944004 /* reply.png */; };
		B523CA201B78FDB100944004 /* reply1.png in Resources */ = {isa = PBXBuildFile; fileRef = B523CA0E1B78FDB100944004 /* reply1.png */; };
		B523CA211B78FDB100944004 /* reply2.png in Resources */ = {isa = PBXBuildFile; fileRef = B523CA0F1B78FDB100944004 /* reply2.png */; };
		B523CA221B78FDB100944004 /* zheshiluwei.jpg in Resources */ = {isa = PBXBuildFile; fileRef = B523CA101B78FDB100944004 /* zheshiluwei.jpg */; };
		B55E9D771C9B091400F581F5 /* FrameLayout.m in Sources */ = {isa = PBXBuildFile; fileRef = B55E9D761C9B091400F581F5 /* FrameLayout.m */; };
		B55E9D7E1C9CFD7D00F581F5 /* capture.png in Resources */ = {isa = PBXBuildFile; fileRef = B55E9D7B1C9CFD7D00F581F5 /* capture.png */; };
		B55E9D7F1C9CFD7D00F581F5 /* photolibrary.png in Resources */ = {isa = PBXBuildFile; fileRef = B55E9D7C1C9CFD7D00F581F5 /* photolibrary.png */; };
		B55E9D801C9CFD7D00F581F5 /* yantext1.png in Resources */ = {isa = PBXBuildFile; fileRef = B55E9D7D1C9CFD7D00F581F5 /* yantext1.png */; };
		B564D0F71C9189C400E903B6 /* bg.png in Resources */ = {isa = PBXBuildFile; fileRef = B564D0F61C9189C400E903B6 /* bg.png */; };
		B56E53531CB4014700998F74 /* GalleryViewController.m in Sources */ = {isa = PBXBuildFile; fileRef = B56E53521CB4014700998F74 /* GalleryViewController.m */; };
		B56E53561CB4017D00998F74 /* ImagesDisplay.m in Sources */ = {isa = PBXBuildFile; fileRef = B56E53551CB4017D00998F74 /* ImagesDisplay.m */; };
		B58D87341B81F2AC00B9A1BA /* CustomViewController.m in Sources */ = {isa = PBXBuildFile; fileRef = B58D87331B81F2AC00B9A1BA /* CustomViewController.m */; };
		B58D88201B85621500B9A1BA /* libsqlite3.dylib in Frameworks */ = {isa = PBXBuildFile; fileRef = B58D881F1B85621500B9A1BA /* libsqlite3.dylib */; };
		B5A058571B9DE86200370557 /* PostViewController.m in Sources */ = {isa = PBXBuildFile; fileRef = B5A058561B9DE86200370557 /* PostViewController.m */; };
		B5A0585A1B9DE87A00370557 /* ReplyViewController.m in Sources */ = {isa = PBXBuildFile; fileRef = B5A058591B9DE87A00370557 /* ReplyViewController.m */; };
		B5A803401CA6A7C500F88EC7 /* collection.png in Resources */ = {isa = PBXBuildFile; fileRef = B5A8033D1CA6A7C500F88EC7 /* collection.png */; };
		B5A803411CA6A7C500F88EC7 /* loadall.png in Resources */ = {isa = PBXBuildFile; fileRef = B5A8033E1CA6A7C500F88EC7 /* loadall.png */; };
		B5A803421CA6A7C500F88EC7 /* tip-off.png in Resources */ = {isa = PBXBuildFile; fileRef = B5A8033F1CA6A7C500F88EC7 /* tip-off.png */; };
		B5A8036A1CAA808F00F88EC7 /* NSLogn.m in Sources */ = {isa = PBXBuildFile; fileRef = B5A803691CAA808F00F88EC7 /* NSLogn.m */; };
		B5A8036D1CAA816400F88EC7 /* UIpConfig.m in Sources */ = {isa = PBXBuildFile; fileRef = B5A8036C1CAA816400F88EC7 /* UIpConfig.m */; };
		B5AFCA0E1C9FFE5A00D9DDB5 /* bgleft.png in Resources */ = {isa = PBXBuildFile; fileRef = B5AFCA0C1C9FFE5A00D9DDB5 /* bgleft.png */; };
		B5AFCA0F1C9FFE5A00D9DDB5 /* bgright.png in Resources */ = {isa = PBXBuildFile; fileRef = B5AFCA0D1C9FFE5A00D9DDB5 /* bgright.png */; };
		B5B077201CC626DE00CF50A2 /* db.json in Resources */ = {isa = PBXBuildFile; fileRef = B5B0771F1CC626DE00CF50A2 /* db.json */; };
		B5B666311CACCEA10038A3EF /* PushButton.m in Sources */ = {isa = PBXBuildFile; fileRef = B5B666301CACCEA10038A3EF /* PushButton.m */; };
		B5BC10541B8988EE0006EDD4 /* emoticon.png in Resources */ = {isa = PBXBuildFile; fileRef = B5BC10531B8988EE0006EDD4 /* emoticon.png */; };
		B5D8D4761B52060C0091DA20 /* main.m in Sources */ = {isa = PBXBuildFile; fileRef = B5D8D4751B52060C0091DA20 /* main.m */; };
		B5D8D4791B52060C0091DA20 /* AppDelegate.m in Sources */ = {isa = PBXBuildFile; fileRef = B5D8D4781B52060C0091DA20 /* AppDelegate.m */; };
		B5D8D4811B52060C0091DA20 /* Images.xcassets in Resources */ = {isa = PBXBuildFile; fileRef = B5D8D4801B52060C0091DA20 /* Images.xcassets */; };
		B5D8D4841B52060C0091DA20 /* LaunchScreen.xib in Resources */ = {isa = PBXBuildFile; fileRef = B5D8D4821B52060C0091DA20 /* LaunchScreen.xib */; };
		B5D8D4901B52060C0091DA20 /* hacfunTests.m in Sources */ = {isa = PBXBuildFile; fileRef = B5D8D48F1B52060C0091DA20 /* hacfunTests.m */; };
		B5DAFF1D1CC1D9B8000551B2 /* AMSlideMenuContentSegue.m in Sources */ = {isa = PBXBuildFile; fileRef = B5DAFEE71CC1D9B8000551B2 /* AMSlideMenuContentSegue.m */; };
		B5DAFF1E1CC1D9B8000551B2 /* AMSlideMenuLeftMenuSegue.m in Sources */ = {isa = PBXBuildFile; fileRef = B5DAFEE91CC1D9B8000551B2 /* AMSlideMenuLeftMenuSegue.m */; };
		B5DAFF1F1CC1D9B8000551B2 /* AMSlideMenuLeftTableViewController.m in Sources */ = {isa = PBXBuildFile; fileRef = B5DAFEEB1CC1D9B8000551B2 /* AMSlideMenuLeftTableViewController.m */; };
		B5DAFF201CC1D9B8000551B2 /* AMSlideMenuMainViewController.m in Sources */ = {isa = PBXBuildFile; fileRef = B5DAFEED1CC1D9B8000551B2 /* AMSlideMenuMainViewController.m */; };
		B5DAFF211CC1D9B8000551B2 /* AMSlideMenuRightMenuSegue.m in Sources */ = {isa = PBXBuildFile; fileRef = B5DAFEF01CC1D9B8000551B2 /* AMSlideMenuRightMenuSegue.m */; };
		B5DAFF221CC1D9B8000551B2 /* AMSlideMenuRightTableViewController.m in Sources */ = {isa = PBXBuildFile; fileRef = B5DAFEF21CC1D9B8000551B2 /* AMSlideMenuRightTableViewController.m */; };
		B5DAFF231CC1D9B8000551B2 /* icon-menu.png in Resources */ = {isa = PBXBuildFile; fileRef = B5DAFEF41CC1D9B8000551B2 /* icon-menu.png */; };
		B5DAFF241CC1D9B8000551B2 /* icon-menu@2x.png in Resources */ = {isa = PBXBuildFile; fileRef = B5DAFEF51CC1D9B8000551B2 /* icon-menu@2x.png */; };
		B5DAFF251CC1D9B8000551B2 /* LeftMenuTVC.m in Sources */ = {isa = PBXBuildFile; fileRef = B5DAFEF71CC1D9B8000551B2 /* LeftMenuTVC.m */; };
		B5DAFF261CC1D9B8000551B2 /* MainVC.m in Sources */ = {isa = PBXBuildFile; fileRef = B5DAFEF91CC1D9B8000551B2 /* MainVC.m */; };
		B5DAFF271CC1D9B8000551B2 /* RightMenuTVC.m in Sources */ = {isa = PBXBuildFile; fileRef = B5DAFEFB1CC1D9B8000551B2 /* RightMenuTVC.m */; };
		B5DAFF281CC1D9B8000551B2 /* UIViewController+AMSlideMenu.m in Sources */ = {isa = PBXBuildFile; fileRef = B5DAFEFD1CC1D9B8000551B2 /* UIViewController+AMSlideMenu.m */; };
		B5DAFF331CC1D9B8000551B2 /* RTLabel.m in Sources */ = {isa = PBXBuildFile; fileRef = B5DAFF191CC1D9B8000551B2 /* RTLabel.m */; settings = {COMPILER_FLAGS = "-Wno-shorten-64-to-32"; }; };
		B5DAFF341CC1D9B8000551B2 /* VIPhotoView.m in Sources */ = {isa = PBXBuildFile; fileRef = B5DAFF1C1CC1D9B8000551B2 /* VIPhotoView.m */; };
		B5DAFF371CC1E3E4000551B2 /* Deseprate.m in Sources */ = {isa = PBXBuildFile; fileRef = B5DAFF361CC1E3E4000551B2 /* Deseprate.m */; };
		B5DAFF391CC1E4AF000551B2 /* Default-568h@2x.png in Resources */ = {isa = PBXBuildFile; fileRef = B5DAFF381CC1E4AF000551B2 /* Default-568h@2x.png */; };
		B5DAFF3D1CC2918E000551B2 /* NSString+Category.m in Sources */ = {isa = PBXBuildFile; fileRef = B5DAFF3C1CC2918E000551B2 /* NSString+Category.m */; };
		B5DAFF481CC29650000551B2 /* NSObject+Util.m in Sources */ = {isa = PBXBuildFile; fileRef = B5DAFF451CC29650000551B2 /* NSObject+Util.m */; };
		B5DAFF491CC29650000551B2 /* NSThread+Util.m in Sources */ = {isa = PBXBuildFile; fileRef = B5DAFF471CC29650000551B2 /* NSThread+Util.m */; };
		B5DD9A891CE2148F00C762AF /* PostView.m in Sources */ = {isa = PBXBuildFile; fileRef = B5DD9A881CE2148F00C762AF /* PostView.m */; };
		B5DD9A8F1CE214BC00C762AF /* DeveloperViewController.m in Sources */ = {isa = PBXBuildFile; fileRef = B5DD9A8E1CE214BC00C762AF /* DeveloperViewController.m */; };
		B5DD9A921CE2151500C762AF /* SearchViewController.m in Sources */ = {isa = PBXBuildFile; fileRef = B5DD9A911CE2151500C762AF /* SearchViewController.m */; };
		B5DD9A951CE2152000C762AF /* TestViewController.m in Sources */ = {isa = PBXBuildFile; fileRef = B5DD9A941CE2152000C762AF /* TestViewController.m */; };
		B5DD9A981CE2154400C762AF /* UICustmizeViewController.m in Sources */ = {isa = PBXBuildFile; fileRef = B5DD9A971CE2154400C762AF /* UICustmizeViewController.m */; };
		B5DD9A9B1CE215C000C762AF /* PostGroupView.m in Sources */ = {isa = PBXBuildFile; fileRef = B5DD9A9A1CE215C000C762AF /* PostGroupView.m */; };
		B5DD9A9E1CE217FB00C762AF /* ModelAndViewInc.m in Sources */ = {isa = PBXBuildFile; fileRef = B5DD9A9D1CE217FB00C762AF /* ModelAndViewInc.m */; };
		B5E1378B1B7CDB76002B5979 /* CollectionViewController.m in Sources */ = {isa = PBXBuildFile; fileRef = B5E1378A1B7CDB76002B5979 /* CollectionViewController.m */; };
		B5E137941B7D92E1002B5979 /* ImageViewCache.m in Sources */ = {isa = PBXBuildFile; fileRef = B5E137931B7D92E1002B5979 /* ImageViewCache.m */; };
		B5F24BB21C49EBF70027DAB2 /* LocaleViewController.m in Sources */ = {isa = PBXBuildFile; fileRef = B5F24BB11C49EBF70027DAB2 /* LocaleViewController.m */; };
		B5F24BB51C49F0C40027DAB2 /* DBData.m in Sources */ = {isa = PBXBuildFile; fileRef = B5F24BB41C49F0C40027DAB2 /* DBData.m */; };
		B5F24BB81C49F27E0027DAB2 /* NetworkThreadViewController.m in Sources */ = {isa = PBXBuildFile; fileRef = B5F24BB71C49F27E0027DAB2 /* NetworkThreadViewController.m */; };
		F2BE53211B4A355678A70BF5 /* libPods.a in Frameworks */ = {isa = PBXBuildFile; fileRef = 338BA2420EBCE9402F13ED98 /* libPods.a */; };
/* End PBXBuildFile section */

/* Begin PBXContainerItemProxy section */
		B5D8D48A1B52060C0091DA20 /* PBXContainerItemProxy */ = {
			isa = PBXContainerItemProxy;
			containerPortal = B5D8D4681B52060C0091DA20 /* Project object */;
			proxyType = 1;
			remoteGlobalIDString = B5D8D46F1B52060C0091DA20;
			remoteInfo = hacfun;
		};
/* End PBXContainerItemProxy section */

/* Begin PBXFileReference section */
		1B2B07837930733F6B985C6A /* Pods.debug.xcconfig */ = {isa = PBXFileReference; includeInIndex = 1; lastKnownFileType = text.xcconfig; name = Pods.debug.xcconfig; path = "Pods/Target Support Files/Pods/Pods.debug.xcconfig"; sourceTree = "<group>"; };
		338BA2420EBCE9402F13ED98 /* libPods.a */ = {isa = PBXFileReference; explicitFileType = archive.ar; includeInIndex = 0; path = libPods.a; sourceTree = BUILT_PRODUCTS_DIR; };
		AADBBF3ED2F206120C64FEE5 /* Pods.release.xcconfig */ = {isa = PBXFileReference; includeInIndex = 1; lastKnownFileType = text.xcconfig; name = Pods.release.xcconfig; path = "Pods/Target Support Files/Pods/Pods.release.xcconfig"; sourceTree = "<group>"; };
		B5039B1C1CB7FF1E00C7865F /* buttondelete.png */ = {isa = PBXFileReference; lastKnownFileType = image.png; path = buttondelete.png; sourceTree = "<group>"; };
		B5039B1D1CB7FF1E00C7865F /* buttonsave.png */ = {isa = PBXFileReference; lastKnownFileType = image.png; path = buttonsave.png; sourceTree = "<group>"; };
		B5039B1E1CB7FF1E00C7865F /* buttonshare.png */ = {isa = PBXFileReference; lastKnownFileType = image.png; path = buttonshare.png; sourceTree = "<group>"; };
		B5039B221CB8BB8700C7865F /* selected.png */ = {isa = PBXFileReference; lastKnownFileType = image.png; path = selected.png; sourceTree = "<group>"; };
		B5039B231CB8BB8700C7865F /* unselected.png */ = {isa = PBXFileReference; lastKnownFileType = image.png; path = unselected.png; sourceTree = "<group>"; };
		B5039B261CBA5C1100C7865F /* airdrop1.png */ = {isa = PBXFileReference; lastKnownFileType = image.png; path = airdrop1.png; sourceTree = "<group>"; };
		B5039B271CBA5C1100C7865F /* album.png */ = {isa = PBXFileReference; lastKnownFileType = image.png; path = album.png; sourceTree = "<group>"; };
		B5039B341CBA5C1100C7865F /* check1.png */ = {isa = PBXFileReference; lastKnownFileType = image.png; path = check1.png; sourceTree = "<group>"; };
		B5039B351CBA5C1100C7865F /* check2.png */ = {isa = PBXFileReference; lastKnownFileType = image.png; path = check2.png; sourceTree = "<group>"; };
		B5039B361CBA5C1100C7865F /* delete.png */ = {isa = PBXFileReference; lastKnownFileType = image.png; path = delete.png; sourceTree = "<group>"; };
		B5039B371CBA5C1100C7865F /* gallery.png */ = {isa = PBXFileReference; lastKnownFileType = image.png; path = gallery.png; sourceTree = "<group>"; };
		B5039B5A1CBBFA3B00C7865F /* Extension.pch */ = {isa = PBXFileReference; lastKnownFileType = sourcecode.c.h; path = Extension.pch; sourceTree = "<group>"; };
		B50D38B71B7F4BE10024E464 /* SettingViewController.h */ = {isa = PBXFileReference; fileEncoding = 4; lastKnownFileType = sourcecode.c.h; path = SettingViewController.h; sourceTree = "<group>"; };
		B50D38B81B7F4BE10024E464 /* SettingViewController.m */ = {isa = PBXFileReference; fileEncoding = 4; lastKnownFileType = sourcecode.c.objc; path = SettingViewController.m; sourceTree = "<group>"; };
		B50F997E1C109E5900240C9D /* EmoticonCharacterView.h */ = {isa = PBXFileReference; fileEncoding = 4; lastKnownFileType = sourcecode.c.h; path = EmoticonCharacterView.h; sourceTree = "<group>"; };
		B50F997F1C109E5900240C9D /* EmoticonCharacterView.m */ = {isa = PBXFileReference; fileEncoding = 4; lastKnownFileType = sourcecode.c.objc; path = EmoticonCharacterView.m; sourceTree = "<group>"; };
		B50F99811C12815700240C9D /* GridView.h */ = {isa = PBXFileReference; fileEncoding = 4; lastKnownFileType = sourcecode.c.h; path = GridView.h; sourceTree = "<group>"; };
		B50F99821C12815700240C9D /* GridView.m */ = {isa = PBXFileReference; fileEncoding = 4; lastKnownFileType = sourcecode.c.objc; path = GridView.m; sourceTree = "<group>"; };
		B523C9BC1B78FAB500944004 /* CategoryViewController.h */ = {isa = PBXFileReference; fileEncoding = 4; lastKnownFileType = sourcecode.c.h; path = CategoryViewController.h; sourceTree = "<group>"; };
		B523C9BD1B78FAB500944004 /* CategoryViewController.m */ = {isa = PBXFileReference; fileEncoding = 4; lastKnownFileType = sourcecode.c.objc; path = CategoryViewController.m; sourceTree = "<group>"; };
		B523C9BE1B78FAB500944004 /* CreateViewController.h */ = {isa = PBXFileReference; fileEncoding = 4; lastKnownFileType = sourcecode.c.h; path = CreateViewController.h; sourceTree = "<group>"; };
		B523C9BF1B78FAB500944004 /* CreateViewController.m */ = {isa = PBXFileReference; fileEncoding = 4; lastKnownFileType = sourcecode.c.objc; lineEnding = 0; path = CreateViewController.m; sourceTree = "<group>"; xcLanguageSpecificationIdentifier = xcode.lang.objc; };
		B523C9C01B78FAB500944004 /* ImageViewController.h */ = {isa = PBXFileReference; fileEncoding = 4; lastKnownFileType = sourcecode.c.h; path = ImageViewController.h; sourceTree = "<group>"; };
		B523C9C11B78FAB500944004 /* ImageViewController.m */ = {isa = PBXFileReference; fileEncoding = 4; lastKnownFileType = sourcecode.c.objc; path = ImageViewController.m; sourceTree = "<group>"; };
		B523C9CB1B78FAB500944004 /* DetailViewController.h */ = {isa = PBXFileReference; fileEncoding = 4; lastKnownFileType = sourcecode.c.h; path = DetailViewController.h; sourceTree = "<group>"; };
		B523C9CC1B78FAB500944004 /* DetailViewController.m */ = {isa = PBXFileReference; fileEncoding = 4; lastKnownFileType = sourcecode.c.objc; path = DetailViewController.m; sourceTree = "<group>"; };
		B523C9CF1B78FAB500944004 /* ThreadsViewController.h */ = {isa = PBXFileReference; fileEncoding = 4; lastKnownFileType = sourcecode.c.h; path = ThreadsViewController.h; sourceTree = "<group>"; };
		B523C9D01B78FAB500944004 /* ThreadsViewController.m */ = {isa = PBXFileReference; fileEncoding = 4; lastKnownFileType = sourcecode.c.objc; lineEnding = 0; path = ThreadsViewController.m; sourceTree = "<group>"; xcLanguageSpecificationIdentifier = xcode.lang.objc; };
		B523C9DD1B78FADC00944004 /* ButtonData.h */ = {isa = PBXFileReference; fileEncoding = 4; lastKnownFileType = sourcecode.c.h; path = ButtonData.h; sourceTree = "<group>"; };
		B523C9DE1B78FADC00944004 /* ButtonData.m */ = {isa = PBXFileReference; fileEncoding = 4; lastKnownFileType = sourcecode.c.objc; path = ButtonData.m; sourceTree = "<group>"; };
		B523C9DF1B78FADC00944004 /* CookieManage.h */ = {isa = PBXFileReference; fileEncoding = 4; lastKnownFileType = sourcecode.c.h; path = CookieManage.h; sourceTree = "<group>"; };
		B523C9E01B78FADC00944004 /* CookieManage.m */ = {isa = PBXFileReference; fileEncoding = 4; lastKnownFileType = sourcecode.c.objc; path = CookieManage.m; sourceTree = "<group>"; };
		B523C9E11B78FADC00944004 /* PopupView.h */ = {isa = PBXFileReference; fileEncoding = 4; lastKnownFileType = sourcecode.c.h; path = PopupView.h; sourceTree = "<group>"; };
		B523C9E21B78FADC00944004 /* PopupView.m */ = {isa = PBXFileReference; fileEncoding = 4; lastKnownFileType = sourcecode.c.objc; path = PopupView.m; sourceTree = "<group>"; };
		B523C9E31B78FADC00944004 /* PostData.h */ = {isa = PBXFileReference; fileEncoding = 4; lastKnownFileType = sourcecode.c.h; path = PostData.h; sourceTree = "<group>"; };
		B523C9E41B78FADC00944004 /* PostData.m */ = {isa = PBXFileReference; fileEncoding = 4; lastKnownFileType = sourcecode.c.objc; path = PostData.m; sourceTree = "<group>"; };
		B523C9E51B78FADC00944004 /* PostDataCellView.h */ = {isa = PBXFileReference; fileEncoding = 4; lastKnownFileType = sourcecode.c.h; path = PostDataCellView.h; sourceTree = "<group>"; };
		B523C9E61B78FADC00944004 /* PostDataCellView.m */ = {isa = PBXFileReference; fileEncoding = 4; lastKnownFileType = sourcecode.c.objc; lineEnding = 0; path = PostDataCellView.m; sourceTree = "<group>"; xcLanguageSpecificationIdentifier = xcode.lang.objc; };
		B523C9F01B78FAFD00944004 /* AppConfig.h */ = {isa = PBXFileReference; fileEncoding = 4; lastKnownFileType = sourcecode.c.h; path = AppConfig.h; sourceTree = "<group>"; };
		B523C9F11B78FAFD00944004 /* AppConfig.m */ = {isa = PBXFileReference; fileEncoding = 4; lastKnownFileType = sourcecode.c.objc; path = AppConfig.m; sourceTree = "<group>"; };
		B523C9F31B78FAFD00944004 /* FuncDefine.h */ = {isa = PBXFileReference; fileEncoding = 4; lastKnownFileType = sourcecode.c.h; path = FuncDefine.h; sourceTree = "<group>"; };
		B523C9F41B78FAFD00944004 /* FuncDefine.m */ = {isa = PBXFileReference; fileEncoding = 4; lastKnownFileType = sourcecode.c.objc; path = FuncDefine.m; sourceTree = "<group>"; };
		B523C9F71B78FD6F00944004 /* BannerView.h */ = {isa = PBXFileReference; fileEncoding = 4; lastKnownFileType = sourcecode.c.h; path = BannerView.h; sourceTree = "<group>"; };
		B523C9F81B78FD6F00944004 /* BannerView.m */ = {isa = PBXFileReference; fileEncoding = 4; lastKnownFileType = sourcecode.c.objc; path = BannerView.m; sourceTree = "<group>"; };
		B523C9F91B78FD6F00944004 /* PostImageView.h */ = {isa = PBXFileReference; fileEncoding = 4; lastKnownFileType = sourcecode.c.h; path = PostImageView.h; sourceTree = "<group>"; };
		B523C9FA1B78FD6F00944004 /* PostImageView.m */ = {isa = PBXFileReference; fileEncoding = 4; lastKnownFileType = sourcecode.c.objc; path = PostImageView.m; sourceTree = "<group>"; };
		B523C9FF1B78FDB100944004 /* 1.gif */ = {isa = PBXFileReference; lastKnownFileType = image.gif; path = 1.gif; sourceTree = "<group>"; };
		B523CA001B78FDB100944004 /* appicon1.png */ = {isa = PBXFileReference; lastKnownFileType = image.png; path = appicon1.png; sourceTree = "<group>"; };
		B523CA011B78FDB100944004 /* appicon0.png */ = {isa = PBXFileReference; lastKnownFileType = image.png; path = appicon0.png; sourceTree = "<group>"; };
		B523CA021B78FDB100944004 /* appicont.png */ = {isa = PBXFileReference; lastKnownFileType = image.png; path = appicont.png; sourceTree = "<group>"; };
		B523CA031B78FDB100944004 /* back.png */ = {isa = PBXFileReference; lastKnownFileType = image.png; path = back.png; sourceTree = "<group>"; };
		B523CA041B78FDB100944004 /* back1.png */ = {isa = PBXFileReference; lastKnownFileType = image.png; path = back1.png; sourceTree = "<group>"; };
		B523CA051B78FDB100944004 /* backn.png */ = {isa = PBXFileReference; lastKnownFileType = image.png; path = backn.png; sourceTree = "<group>"; };
		B523CA061B78FDB100944004 /* edit.png */ = {isa = PBXFileReference; lastKnownFileType = image.png; path = edit.png; sourceTree = "<group>"; };
		B523CA071B78FDB100944004 /* edit1.png */ = {isa = PBXFileReference; lastKnownFileType = image.png; path = edit1.png; sourceTree = "<group>"; };
		B523CA081B78FDB100944004 /* jumppage.png */ = {isa = PBXFileReference; lastKnownFileType = image.png; path = jumppage.png; sourceTree = "<group>"; };
		B523CA091B78FDB100944004 /* more.png */ = {isa = PBXFileReference; lastKnownFileType = image.png; path = more.png; sourceTree = "<group>"; };
		B523CA0A1B78FDB100944004 /* new.png */ = {isa = PBXFileReference; lastKnownFileType = image.png; path = new.png; sourceTree = "<group>"; };
		B523CA0B1B78FDB100944004 /* new1.png */ = {isa = PBXFileReference; lastKnownFileType = image.png; path = new1.png; sourceTree = "<group>"; };
		B523CA0C1B78FDB100944004 /* refresh.png */ = {isa = PBXFileReference; lastKnownFileType = image.png; path = refresh.png; sourceTree = "<group>"; };
		B523CA0D1B78FDB100944004 /* reply.png */ = {isa = PBXFileReference; lastKnownFileType = image.png; path = reply.png; sourceTree = "<group>"; };
		B523CA0E1B78FDB100944004 /* reply1.png */ = {isa = PBXFileReference; lastKnownFileType = image.png; path = reply1.png; sourceTree = "<group>"; };
		B523CA0F1B78FDB100944004 /* reply2.png */ = {isa = PBXFileReference; lastKnownFileType = image.png; path = reply2.png; sourceTree = "<group>"; };
		B523CA101B78FDB100944004 /* zheshiluwei.jpg */ = {isa = PBXFileReference; lastKnownFileType = image.jpeg; path = zheshiluwei.jpg; sourceTree = "<group>"; };
		B55E9D751C9B091400F581F5 /* FrameLayout.h */ = {isa = PBXFileReference; fileEncoding = 4; lastKnownFileType = sourcecode.c.h; path = FrameLayout.h; sourceTree = "<group>"; };
		B55E9D761C9B091400F581F5 /* FrameLayout.m */ = {isa = PBXFileReference; fileEncoding = 4; lastKnownFileType = sourcecode.c.objc; path = FrameLayout.m; sourceTree = "<group>"; };
		B55E9D7B1C9CFD7D00F581F5 /* capture.png */ = {isa = PBXFileReference; lastKnownFileType = image.png; path = capture.png; sourceTree = "<group>"; };
		B55E9D7C1C9CFD7D00F581F5 /* photolibrary.png */ = {isa = PBXFileReference; lastKnownFileType = image.png; path = photolibrary.png; sourceTree = "<group>"; };
		B55E9D7D1C9CFD7D00F581F5 /* yantext1.png */ = {isa = PBXFileReference; lastKnownFileType = image.png; path = yantext1.png; sourceTree = "<group>"; };
		B564D0F61C9189C400E903B6 /* bg.png */ = {isa = PBXFileReference; lastKnownFileType = image.png; path = bg.png; sourceTree = "<group>"; };
		B56E53511CB4014700998F74 /* GalleryViewController.h */ = {isa = PBXFileReference; fileEncoding = 4; lastKnownFileType = sourcecode.c.h; path = GalleryViewController.h; sourceTree = "<group>"; };
		B56E53521CB4014700998F74 /* GalleryViewController.m */ = {isa = PBXFileReference; fileEncoding = 4; lastKnownFileType = sourcecode.c.objc; path = GalleryViewController.m; sourceTree = "<group>"; };
		B56E53541CB4017D00998F74 /* ImagesDisplay.h */ = {isa = PBXFileReference; fileEncoding = 4; lastKnownFileType = sourcecode.c.h; path = ImagesDisplay.h; sourceTree = "<group>"; };
		B56E53551CB4017D00998F74 /* ImagesDisplay.m */ = {isa = PBXFileReference; fileEncoding = 4; lastKnownFileType = sourcecode.c.objc; path = ImagesDisplay.m; sourceTree = "<group>"; };
		B58D87321B81F2AC00B9A1BA /* CustomViewController.h */ = {isa = PBXFileReference; fileEncoding = 4; lastKnownFileType = sourcecode.c.h; path = CustomViewController.h; sourceTree = "<group>"; };
		B58D87331B81F2AC00B9A1BA /* CustomViewController.m */ = {isa = PBXFileReference; fileEncoding = 4; lastKnownFileType = sourcecode.c.objc; path = CustomViewController.m; sourceTree = "<group>"; };
		B58D881F1B85621500B9A1BA /* libsqlite3.dylib */ = {isa = PBXFileReference; lastKnownFileType = "compiled.mach-o.dylib"; name = libsqlite3.dylib; path = usr/lib/libsqlite3.dylib; sourceTree = SDKROOT; };
		B5A058551B9DE86200370557 /* PostViewController.h */ = {isa = PBXFileReference; fileEncoding = 4; lastKnownFileType = sourcecode.c.h; path = PostViewController.h; sourceTree = "<group>"; };
		B5A058561B9DE86200370557 /* PostViewController.m */ = {isa = PBXFileReference; fileEncoding = 4; lastKnownFileType = sourcecode.c.objc; path = PostViewController.m; sourceTree = "<group>"; };
		B5A058581B9DE87A00370557 /* ReplyViewController.h */ = {isa = PBXFileReference; fileEncoding = 4; lastKnownFileType = sourcecode.c.h; path = ReplyViewController.h; sourceTree = "<group>"; };
		B5A058591B9DE87A00370557 /* ReplyViewController.m */ = {isa = PBXFileReference; fileEncoding = 4; lastKnownFileType = sourcecode.c.objc; path = ReplyViewController.m; sourceTree = "<group>"; };
		B5A8033D1CA6A7C500F88EC7 /* collection.png */ = {isa = PBXFileReference; lastKnownFileType = image.png; path = collection.png; sourceTree = "<group>"; };
		B5A8033E1CA6A7C500F88EC7 /* loadall.png */ = {isa = PBXFileReference; lastKnownFileType = image.png; path = loadall.png; sourceTree = "<group>"; };
		B5A8033F1CA6A7C500F88EC7 /* tip-off.png */ = {isa = PBXFileReference; lastKnownFileType = image.png; path = "tip-off.png"; sourceTree = "<group>"; };
		B5A803681CAA808F00F88EC7 /* NSLogn.h */ = {isa = PBXFileReference; fileEncoding = 4; lastKnownFileType = sourcecode.c.h; path = NSLogn.h; sourceTree = "<group>"; };
		B5A803691CAA808F00F88EC7 /* NSLogn.m */ = {isa = PBXFileReference; fileEncoding = 4; lastKnownFileType = sourcecode.c.objc; path = NSLogn.m; sourceTree = "<group>"; };
		B5A8036B1CAA816400F88EC7 /* UIpConfig.h */ = {isa = PBXFileReference; fileEncoding = 4; lastKnownFileType = sourcecode.c.h; name = UIpConfig.h; path = Extension/UIpConfig.h; sourceTree = SOURCE_ROOT; };
		B5A8036C1CAA816400F88EC7 /* UIpConfig.m */ = {isa = PBXFileReference; fileEncoding = 4; lastKnownFileType = sourcecode.c.objc; name = UIpConfig.m; path = Extension/UIpConfig.m; sourceTree = SOURCE_ROOT; };
		B5AFCA0C1C9FFE5A00D9DDB5 /* bgleft.png */ = {isa = PBXFileReference; lastKnownFileType = image.png; path = bgleft.png; sourceTree = "<group>"; };
		B5AFCA0D1C9FFE5A00D9DDB5 /* bgright.png */ = {isa = PBXFileReference; lastKnownFileType = image.png; path = bgright.png; sourceTree = "<group>"; };
		B5B0771F1CC626DE00CF50A2 /* db.json */ = {isa = PBXFileReference; fileEncoding = 4; lastKnownFileType = text.json; path = db.json; sourceTree = "<group>"; };
		B5B6662F1CACCEA10038A3EF /* PushButton.h */ = {isa = PBXFileReference; fileEncoding = 4; lastKnownFileType = sourcecode.c.h; path = PushButton.h; sourceTree = "<group>"; };
		B5B666301CACCEA10038A3EF /* PushButton.m */ = {isa = PBXFileReference; fileEncoding = 4; lastKnownFileType = sourcecode.c.objc; path = PushButton.m; sourceTree = "<group>"; };
		B5BC10531B8988EE0006EDD4 /* emoticon.png */ = {isa = PBXFileReference; lastKnownFileType = image.png; path = emoticon.png; sourceTree = "<group>"; };
		B5D8D4701B52060C0091DA20 /* hacfun.app */ = {isa = PBXFileReference; explicitFileType = wrapper.application; includeInIndex = 0; path = hacfun.app; sourceTree = BUILT_PRODUCTS_DIR; };
		B5D8D4741B52060C0091DA20 /* Info.plist */ = {isa = PBXFileReference; lastKnownFileType = text.plist.xml; path = Info.plist; sourceTree = "<group>"; };
		B5D8D4751B52060C0091DA20 /* main.m */ = {isa = PBXFileReference; lastKnownFileType = sourcecode.c.objc; path = main.m; sourceTree = "<group>"; };
		B5D8D4771B52060C0091DA20 /* AppDelegate.h */ = {isa = PBXFileReference; lastKnownFileType = sourcecode.c.h; path = AppDelegate.h; sourceTree = "<group>"; };
		B5D8D4781B52060C0091DA20 /* AppDelegate.m */ = {isa = PBXFileReference; lastKnownFileType = sourcecode.c.objc; path = AppDelegate.m; sourceTree = "<group>"; };
		B5D8D4801B52060C0091DA20 /* Images.xcassets */ = {isa = PBXFileReference; lastKnownFileType = folder.assetcatalog; path = Images.xcassets; sourceTree = "<group>"; };
		B5D8D4831B52060C0091DA20 /* Base */ = {isa = PBXFileReference; lastKnownFileType = file.xib; name = Base; path = Base.lproj/LaunchScreen.xib; sourceTree = "<group>"; };
		B5D8D4891B52060C0091DA20 /* hacfunTests.xctest */ = {isa = PBXFileReference; explicitFileType = wrapper.cfbundle; includeInIndex = 0; path = hacfunTests.xctest; sourceTree = BUILT_PRODUCTS_DIR; };
		B5D8D48E1B52060C0091DA20 /* Info.plist */ = {isa = PBXFileReference; lastKnownFileType = text.plist.xml; path = Info.plist; sourceTree = "<group>"; };
		B5D8D48F1B52060C0091DA20 /* hacfunTests.m */ = {isa = PBXFileReference; lastKnownFileType = sourcecode.c.objc; path = hacfunTests.m; sourceTree = "<group>"; };
		B5DAFEE61CC1D9B8000551B2 /* AMSlideMenuContentSegue.h */ = {isa = PBXFileReference; fileEncoding = 4; lastKnownFileType = sourcecode.c.h; path = AMSlideMenuContentSegue.h; sourceTree = "<group>"; };
		B5DAFEE71CC1D9B8000551B2 /* AMSlideMenuContentSegue.m */ = {isa = PBXFileReference; fileEncoding = 4; lastKnownFileType = sourcecode.c.objc; path = AMSlideMenuContentSegue.m; sourceTree = "<group>"; };
		B5DAFEE81CC1D9B8000551B2 /* AMSlideMenuLeftMenuSegue.h */ = {isa = PBXFileReference; fileEncoding = 4; lastKnownFileType = sourcecode.c.h; path = AMSlideMenuLeftMenuSegue.h; sourceTree = "<group>"; };
		B5DAFEE91CC1D9B8000551B2 /* AMSlideMenuLeftMenuSegue.m */ = {isa = PBXFileReference; fileEncoding = 4; lastKnownFileType = sourcecode.c.objc; path = AMSlideMenuLeftMenuSegue.m; sourceTree = "<group>"; };
		B5DAFEEA1CC1D9B8000551B2 /* AMSlideMenuLeftTableViewController.h */ = {isa = PBXFileReference; fileEncoding = 4; lastKnownFileType = sourcecode.c.h; path = AMSlideMenuLeftTableViewController.h; sourceTree = "<group>"; };
		B5DAFEEB1CC1D9B8000551B2 /* AMSlideMenuLeftTableViewController.m */ = {isa = PBXFileReference; fileEncoding = 4; lastKnownFileType = sourcecode.c.objc; path = AMSlideMenuLeftTableViewController.m; sourceTree = "<group>"; };
		B5DAFEEC1CC1D9B8000551B2 /* AMSlideMenuMainViewController.h */ = {isa = PBXFileReference; fileEncoding = 4; lastKnownFileType = sourcecode.c.h; path = AMSlideMenuMainViewController.h; sourceTree = "<group>"; };
		B5DAFEED1CC1D9B8000551B2 /* AMSlideMenuMainViewController.m */ = {isa = PBXFileReference; fileEncoding = 4; lastKnownFileType = sourcecode.c.objc; path = AMSlideMenuMainViewController.m; sourceTree = "<group>"; };
		B5DAFEEE1CC1D9B8000551B2 /* AMSlideMenuProtocols.h */ = {isa = PBXFileReference; fileEncoding = 4; lastKnownFileType = sourcecode.c.h; path = AMSlideMenuProtocols.h; sourceTree = "<group>"; };
		B5DAFEEF1CC1D9B8000551B2 /* AMSlideMenuRightMenuSegue.h */ = {isa = PBXFileReference; fileEncoding = 4; lastKnownFileType = sourcecode.c.h; path = AMSlideMenuRightMenuSegue.h; sourceTree = "<group>"; };
		B5DAFEF01CC1D9B8000551B2 /* AMSlideMenuRightMenuSegue.m */ = {isa = PBXFileReference; fileEncoding = 4; lastKnownFileType = sourcecode.c.objc; path = AMSlideMenuRightMenuSegue.m; sourceTree = "<group>"; };
		B5DAFEF11CC1D9B8000551B2 /* AMSlideMenuRightTableViewController.h */ = {isa = PBXFileReference; fileEncoding = 4; lastKnownFileType = sourcecode.c.h; path = AMSlideMenuRightTableViewController.h; sourceTree = "<group>"; };
		B5DAFEF21CC1D9B8000551B2 /* AMSlideMenuRightTableViewController.m */ = {isa = PBXFileReference; fileEncoding = 4; lastKnownFileType = sourcecode.c.objc; path = AMSlideMenuRightTableViewController.m; sourceTree = "<group>"; };
		B5DAFEF31CC1D9B8000551B2 /* AMSlideMenuWithoutStoryboard-Prefix.pch */ = {isa = PBXFileReference; fileEncoding = 4; lastKnownFileType = sourcecode.c.h; path = "AMSlideMenuWithoutStoryboard-Prefix.pch"; sourceTree = "<group>"; };
		B5DAFEF41CC1D9B8000551B2 /* icon-menu.png */ = {isa = PBXFileReference; lastKnownFileType = image.png; path = "icon-menu.png"; sourceTree = "<group>"; };
		B5DAFEF51CC1D9B8000551B2 /* icon-menu@2x.png */ = {isa = PBXFileReference; lastKnownFileType = image.png; path = "icon-menu@2x.png"; sourceTree = "<group>"; };
		B5DAFEF61CC1D9B8000551B2 /* LeftMenuTVC.h */ = {isa = PBXFileReference; fileEncoding = 4; lastKnownFileType = sourcecode.c.h; path = LeftMenuTVC.h; sourceTree = "<group>"; };
		B5DAFEF71CC1D9B8000551B2 /* LeftMenuTVC.m */ = {isa = PBXFileReference; fileEncoding = 4; lastKnownFileType = sourcecode.c.objc; path = LeftMenuTVC.m; sourceTree = "<group>"; };
		B5DAFEF81CC1D9B8000551B2 /* MainVC.h */ = {isa = PBXFileReference; fileEncoding = 4; lastKnownFileType = sourcecode.c.h; path = MainVC.h; sourceTree = "<group>"; };
		B5DAFEF91CC1D9B8000551B2 /* MainVC.m */ = {isa = PBXFileReference; fileEncoding = 4; lastKnownFileType = sourcecode.c.objc; path = MainVC.m; sourceTree = "<group>"; };
		B5DAFEFA1CC1D9B8000551B2 /* RightMenuTVC.h */ = {isa = PBXFileReference; fileEncoding = 4; lastKnownFileType = sourcecode.c.h; path = RightMenuTVC.h; sourceTree = "<group>"; };
		B5DAFEFB1CC1D9B8000551B2 /* RightMenuTVC.m */ = {isa = PBXFileReference; fileEncoding = 4; lastKnownFileType = sourcecode.c.objc; path = RightMenuTVC.m; sourceTree = "<group>"; };
		B5DAFEFC1CC1D9B8000551B2 /* UIViewController+AMSlideMenu.h */ = {isa = PBXFileReference; fileEncoding = 4; lastKnownFileType = sourcecode.c.h; path = "UIViewController+AMSlideMenu.h"; sourceTree = "<group>"; };
		B5DAFEFD1CC1D9B8000551B2 /* UIViewController+AMSlideMenu.m */ = {isa = PBXFileReference; fileEncoding = 4; lastKnownFileType = sourcecode.c.objc; path = "UIViewController+AMSlideMenu.m"; sourceTree = "<group>"; };
		B5DAFF181CC1D9B8000551B2 /* RTLabel.h */ = {isa = PBXFileReference; fileEncoding = 4; lastKnownFileType = sourcecode.c.h; path = RTLabel.h; sourceTree = "<group>"; };
		B5DAFF191CC1D9B8000551B2 /* RTLabel.m */ = {isa = PBXFileReference; fileEncoding = 4; lastKnownFileType = sourcecode.c.objc; path = RTLabel.m; sourceTree = "<group>"; };
		B5DAFF1B1CC1D9B8000551B2 /* VIPhotoView.h */ = {isa = PBXFileReference; fileEncoding = 4; lastKnownFileType = sourcecode.c.h; path = VIPhotoView.h; sourceTree = "<group>"; };
		B5DAFF1C1CC1D9B8000551B2 /* VIPhotoView.m */ = {isa = PBXFileReference; fileEncoding = 4; lastKnownFileType = sourcecode.c.objc; path = VIPhotoView.m; sourceTree = "<group>"; };
		B5DAFF351CC1E3E4000551B2 /* Deseprate.h */ = {isa = PBXFileReference; fileEncoding = 4; lastKnownFileType = sourcecode.c.h; name = Deseprate.h; path = Deseprate/Deseprate.h; sourceTree = SOURCE_ROOT; };
		B5DAFF361CC1E3E4000551B2 /* Deseprate.m */ = {isa = PBXFileReference; fileEncoding = 4; lastKnownFileType = sourcecode.c.objc; name = Deseprate.m; path = Deseprate/Deseprate.m; sourceTree = SOURCE_ROOT; };
		B5DAFF381CC1E4AF000551B2 /* Default-568h@2x.png */ = {isa = PBXFileReference; lastKnownFileType = image.png; path = "Default-568h@2x.png"; sourceTree = "<group>"; };
		B5DAFF3B1CC2918E000551B2 /* NSString+Category.h */ = {isa = PBXFileReference; fileEncoding = 4; lastKnownFileType = sourcecode.c.h; name = "NSString+Category.h"; path = "Category/NSString+Category.h"; sourceTree = "<group>"; };
		B5DAFF3C1CC2918E000551B2 /* NSString+Category.m */ = {isa = PBXFileReference; fileEncoding = 4; lastKnownFileType = sourcecode.c.objc; name = "NSString+Category.m"; path = "Category/NSString+Category.m"; sourceTree = "<group>"; };
		B5DAFF441CC29650000551B2 /* NSObject+Util.h */ = {isa = PBXFileReference; fileEncoding = 4; lastKnownFileType = sourcecode.c.h; name = "NSObject+Util.h"; path = "Category/NSObject+Util.h"; sourceTree = "<group>"; };
		B5DAFF451CC29650000551B2 /* NSObject+Util.m */ = {isa = PBXFileReference; fileEncoding = 4; lastKnownFileType = sourcecode.c.objc; name = "NSObject+Util.m"; path = "Category/NSObject+Util.m"; sourceTree = "<group>"; };
		B5DAFF461CC29650000551B2 /* NSThread+Util.h */ = {isa = PBXFileReference; fileEncoding = 4; lastKnownFileType = sourcecode.c.h; name = "NSThread+Util.h"; path = "Category/NSThread+Util.h"; sourceTree = "<group>"; };
		B5DAFF471CC29650000551B2 /* NSThread+Util.m */ = {isa = PBXFileReference; fileEncoding = 4; lastKnownFileType = sourcecode.c.objc; name = "NSThread+Util.m"; path = "Category/NSThread+Util.m"; sourceTree = "<group>"; };
		B5DD9A871CE2148F00C762AF /* PostView.h */ = {isa = PBXFileReference; fileEncoding = 4; lastKnownFileType = sourcecode.c.h; name = PostView.h; path = hacfun/Conponent/PostView.h; sourceTree = SOURCE_ROOT; };
		B5DD9A881CE2148F00C762AF /* PostView.m */ = {isa = PBXFileReference; fileEncoding = 4; lastKnownFileType = sourcecode.c.objc; name = PostView.m; path = hacfun/Conponent/PostView.m; sourceTree = SOURCE_ROOT; };
		B5DD9A8D1CE214BC00C762AF /* DeveloperViewController.h */ = {isa = PBXFileReference; fileEncoding = 4; lastKnownFileType = sourcecode.c.h; path = DeveloperViewController.h; sourceTree = "<group>"; };
		B5DD9A8E1CE214BC00C762AF /* DeveloperViewController.m */ = {isa = PBXFileReference; fileEncoding = 4; lastKnownFileType = sourcecode.c.objc; path = DeveloperViewController.m; sourceTree = "<group>"; };
		B5DD9A901CE2151500C762AF /* SearchViewController.h */ = {isa = PBXFileReference; fileEncoding = 4; lastKnownFileType = sourcecode.c.h; path = SearchViewController.h; sourceTree = "<group>"; };
		B5DD9A911CE2151500C762AF /* SearchViewController.m */ = {isa = PBXFileReference; fileEncoding = 4; lastKnownFileType = sourcecode.c.objc; path = SearchViewController.m; sourceTree = "<group>"; };
		B5DD9A931CE2152000C762AF /* TestViewController.h */ = {isa = PBXFileReference; fileEncoding = 4; lastKnownFileType = sourcecode.c.h; path = TestViewController.h; sourceTree = "<group>"; };
		B5DD9A941CE2152000C762AF /* TestViewController.m */ = {isa = PBXFileReference; fileEncoding = 4; lastKnownFileType = sourcecode.c.objc; path = TestViewController.m; sourceTree = "<group>"; };
		B5DD9A961CE2154400C762AF /* UICustmizeViewController.h */ = {isa = PBXFileReference; fileEncoding = 4; lastKnownFileType = sourcecode.c.h; path = UICustmizeViewController.h; sourceTree = "<group>"; };
		B5DD9A971CE2154400C762AF /* UICustmizeViewController.m */ = {isa = PBXFileReference; fileEncoding = 4; lastKnownFileType = sourcecode.c.objc; path = UICustmizeViewController.m; sourceTree = "<group>"; };
		B5DD9A991CE215C000C762AF /* PostGroupView.h */ = {isa = PBXFileReference; fileEncoding = 4; lastKnownFileType = sourcecode.c.h; path = PostGroupView.h; sourceTree = "<group>"; };
		B5DD9A9A1CE215C000C762AF /* PostGroupView.m */ = {isa = PBXFileReference; fileEncoding = 4; lastKnownFileType = sourcecode.c.objc; path = PostGroupView.m; sourceTree = "<group>"; };
		B5DD9A9C1CE217FB00C762AF /* ModelAndViewInc.h */ = {isa = PBXFileReference; fileEncoding = 4; lastKnownFileType = sourcecode.c.h; path = ModelAndViewInc.h; sourceTree = "<group>"; };
		B5DD9A9D1CE217FB00C762AF /* ModelAndViewInc.m */ = {isa = PBXFileReference; fileEncoding = 4; lastKnownFileType = sourcecode.c.objc; path = ModelAndViewInc.m; sourceTree = "<group>"; };
		B5E137891B7CDB76002B5979 /* CollectionViewController.h */ = {isa = PBXFileReference; fileEncoding = 4; lastKnownFileType = sourcecode.c.h; path = CollectionViewController.h; sourceTree = "<group>"; };
		B5E1378A1B7CDB76002B5979 /* CollectionViewController.m */ = {isa = PBXFileReference; fileEncoding = 4; lastKnownFileType = sourcecode.c.objc; path = CollectionViewController.m; sourceTree = "<group>"; };
		B5E137921B7D92E1002B5979 /* ImageViewCache.h */ = {isa = PBXFileReference; fileEncoding = 4; lastKnownFileType = sourcecode.c.h; path = ImageViewCache.h; sourceTree = "<group>"; };
		B5E137931B7D92E1002B5979 /* ImageViewCache.m */ = {isa = PBXFileReference; fileEncoding = 4; lastKnownFileType = sourcecode.c.objc; lineEnding = 0; path = ImageViewCache.m; sourceTree = "<group>"; xcLanguageSpecificationIdentifier = xcode.lang.objc; };
		B5F24BB01C49EBF70027DAB2 /* LocaleViewController.h */ = {isa = PBXFileReference; fileEncoding = 4; lastKnownFileType = sourcecode.c.h; path = LocaleViewController.h; sourceTree = "<group>"; };
		B5F24BB11C49EBF70027DAB2 /* LocaleViewController.m */ = {isa = PBXFileReference; fileEncoding = 4; lastKnownFileType = sourcecode.c.objc; path = LocaleViewController.m; sourceTree = "<group>"; };
		B5F24BB31C49F0C40027DAB2 /* DBData.h */ = {isa = PBXFileReference; fileEncoding = 4; lastKnownFileType = sourcecode.c.h; name = DBData.h; path = ../hacfun/Conponent/DBData.h; sourceTree = "<group>"; };
		B5F24BB41C49F0C40027DAB2 /* DBData.m */ = {isa = PBXFileReference; fileEncoding = 4; lastKnownFileType = sourcecode.c.objc; name = DBData.m; path = ../hacfun/Conponent/DBData.m; sourceTree = "<group>"; };
		B5F24BB61C49F27E0027DAB2 /* NetworkThreadViewController.h */ = {isa = PBXFileReference; fileEncoding = 4; lastKnownFileType = sourcecode.c.h; path = NetworkThreadViewController.h; sourceTree = "<group>"; };
		B5F24BB71C49F27E0027DAB2 /* NetworkThreadViewController.m */ = {isa = PBXFileReference; fileEncoding = 4; lastKnownFileType = sourcecode.c.objc; path = NetworkThreadViewController.m; sourceTree = "<group>"; };
/* End PBXFileReference section */

/* Begin PBXFrameworksBuildPhase section */
		B5D8D46D1B52060C0091DA20 /* Frameworks */ = {
			isa = PBXFrameworksBuildPhase;
			buildActionMask = 2147483647;
			files = (
				B58D88201B85621500B9A1BA /* libsqlite3.dylib in Frameworks */,
				F2BE53211B4A355678A70BF5 /* libPods.a in Frameworks */,
			);
			runOnlyForDeploymentPostprocessing = 0;
		};
		B5D8D4861B52060C0091DA20 /* Frameworks */ = {
			isa = PBXFrameworksBuildPhase;
			buildActionMask = 2147483647;
			files = (
			);
			runOnlyForDeploymentPostprocessing = 0;
		};
/* End PBXFrameworksBuildPhase section */

/* Begin PBXGroup section */
		15A9D44EB4021D7ED16A2CCF /* Frameworks */ = {
			isa = PBXGroup;
			children = (
				338BA2420EBCE9402F13ED98 /* libPods.a */,
			);
			name = Frameworks;
			sourceTree = "<group>";
		};
		8C726A920C6B5E19A4949F62 /* Pods */ = {
			isa = PBXGroup;
			children = (
				1B2B07837930733F6B985C6A /* Pods.debug.xcconfig */,
				AADBBF3ED2F206120C64FEE5 /* Pods.release.xcconfig */,
			);
			name = Pods;
			sourceTree = "<group>";
		};
		B523C9B91B78FAB500944004 /* ViewController */ = {
			isa = PBXGroup;
			children = (
				B58D87321B81F2AC00B9A1BA /* CustomViewController.h */,
				B58D87331B81F2AC00B9A1BA /* CustomViewController.m */,
				B523C9CF1B78FAB500944004 /* ThreadsViewController.h */,
				B523C9D01B78FAB500944004 /* ThreadsViewController.m */,
				B5F24BB61C49F27E0027DAB2 /* NetworkThreadViewController.h */,
				B5F24BB71C49F27E0027DAB2 /* NetworkThreadViewController.m */,
				B523C9BC1B78FAB500944004 /* CategoryViewController.h */,
				B523C9BD1B78FAB500944004 /* CategoryViewController.m */,
				B523C9CB1B78FAB500944004 /* DetailViewController.h */,
				B523C9CC1B78FAB500944004 /* DetailViewController.m */,
				B523C9BE1B78FAB500944004 /* CreateViewController.h */,
				B523C9BF1B78FAB500944004 /* CreateViewController.m */,
				B5F24BB01C49EBF70027DAB2 /* LocaleViewController.h */,
				B5F24BB11C49EBF70027DAB2 /* LocaleViewController.m */,
				B5E137891B7CDB76002B5979 /* CollectionViewController.h */,
				B5E1378A1B7CDB76002B5979 /* CollectionViewController.m */,
				B5A058551B9DE86200370557 /* PostViewController.h */,
				B5A058561B9DE86200370557 /* PostViewController.m */,
				B5A058581B9DE87A00370557 /* ReplyViewController.h */,
				B5A058591B9DE87A00370557 /* ReplyViewController.m */,
				B50D38B71B7F4BE10024E464 /* SettingViewController.h */,
				B50D38B81B7F4BE10024E464 /* SettingViewController.m */,
				B523C9C01B78FAB500944004 /* ImageViewController.h */,
				B523C9C11B78FAB500944004 /* ImageViewController.m */,
				B56E53511CB4014700998F74 /* GalleryViewController.h */,
				B56E53521CB4014700998F74 /* GalleryViewController.m */,
				B5DD9A8D1CE214BC00C762AF /* DeveloperViewController.h */,
				B5DD9A8E1CE214BC00C762AF /* DeveloperViewController.m */,
				B5DD9A901CE2151500C762AF /* SearchViewController.h */,
				B5DD9A911CE2151500C762AF /* SearchViewController.m */,
				B5DD9A931CE2152000C762AF /* TestViewController.h */,
				B5DD9A941CE2152000C762AF /* TestViewController.m */,
				B5DD9A961CE2154400C762AF /* UICustmizeViewController.h */,
				B5DD9A971CE2154400C762AF /* UICustmizeViewController.m */,
			);
			path = ViewController;
			sourceTree = "<group>";
		};
		B523C9DC1B78FADC00944004 /* Conponent */ = {
			isa = PBXGroup;
			children = (
				B523C9F71B78FD6F00944004 /* BannerView.h */,
				B523C9F81B78FD6F00944004 /* BannerView.m */,
				B523C9F91B78FD6F00944004 /* PostImageView.h */,
				B523C9FA1B78FD6F00944004 /* PostImageView.m */,
				B5E137921B7D92E1002B5979 /* ImageViewCache.h */,
				B5E137931B7D92E1002B5979 /* ImageViewCache.m */,
				B523C9DD1B78FADC00944004 /* ButtonData.h */,
				B523C9DE1B78FADC00944004 /* ButtonData.m */,
				B523C9DF1B78FADC00944004 /* CookieManage.h */,
				B523C9E01B78FADC00944004 /* CookieManage.m */,
				B523C9E11B78FADC00944004 /* PopupView.h */,
				B523C9E21B78FADC00944004 /* PopupView.m */,
				B523C9E31B78FADC00944004 /* PostData.h */,
				B523C9E41B78FADC00944004 /* PostData.m */,
				B523C9E51B78FADC00944004 /* PostDataCellView.h */,
				B523C9E61B78FADC00944004 /* PostDataCellView.m */,
				B50F997E1C109E5900240C9D /* EmoticonCharacterView.h */,
				B50F997F1C109E5900240C9D /* EmoticonCharacterView.m */,
				B50F99811C12815700240C9D /* GridView.h */,
				B50F99821C12815700240C9D /* GridView.m */,
				B5B6662F1CACCEA10038A3EF /* PushButton.h */,
				B5B666301CACCEA10038A3EF /* PushButton.m */,
				B5DD9A871CE2148F00C762AF /* PostView.h */,
				B5DD9A881CE2148F00C762AF /* PostView.m */,
				B5DD9A991CE215C000C762AF /* PostGroupView.h */,
				B5DD9A9A1CE215C000C762AF /* PostGroupView.m */,
				B5DD9A9C1CE217FB00C762AF /* ModelAndViewInc.h */,
				B5DD9A9D1CE217FB00C762AF /* ModelAndViewInc.m */,
			);
			path = Conponent;
			sourceTree = "<group>";
		};
		B523C9EF1B78FAFD00944004 /* AppConfig */ = {
			isa = PBXGroup;
			children = (
				B523C9F01B78FAFD00944004 /* AppConfig.h */,
				B523C9F11B78FAFD00944004 /* AppConfig.m */,
				B5B0771F1CC626DE00CF50A2 /* db.json */,
			);
			path = AppConfig;
			sourceTree = "<group>";
		};
		B523C9F21B78FAFD00944004 /* FuncDefine */ = {
			isa = PBXGroup;
			children = (
				B523C9F31B78FAFD00944004 /* FuncDefine.h */,
				B523C9F41B78FAFD00944004 /* FuncDefine.m */,
				B5DAFF351CC1E3E4000551B2 /* Deseprate.h */,
				B5DAFF361CC1E3E4000551B2 /* Deseprate.m */,
			);
			path = FuncDefine;
			sourceTree = "<group>";
		};
		B523C9FD1B78FDB100944004 /* Source */ = {
			isa = PBXGroup;
			children = (
				B523C9FE1B78FDB100944004 /* images */,
			);
			path = Source;
			sourceTree = "<group>";
		};
		B523C9FE1B78FDB100944004 /* images */ = {
			isa = PBXGroup;
			children = (
				B5DAFF381CC1E4AF000551B2 /* Default-568h@2x.png */,
				B5039B261CBA5C1100C7865F /* airdrop1.png */,
				B5039B271CBA5C1100C7865F /* album.png */,
				B5039B341CBA5C1100C7865F /* check1.png */,
				B5039B351CBA5C1100C7865F /* check2.png */,
				B5039B361CBA5C1100C7865F /* delete.png */,
				B5039B371CBA5C1100C7865F /* gallery.png */,
				B5039B221CB8BB8700C7865F /* selected.png */,
				B5039B231CB8BB8700C7865F /* unselected.png */,
				B5039B1C1CB7FF1E00C7865F /* buttondelete.png */,
				B5039B1D1CB7FF1E00C7865F /* buttonsave.png */,
				B5039B1E1CB7FF1E00C7865F /* buttonshare.png */,
				B5A8033D1CA6A7C500F88EC7 /* collection.png */,
				B5A8033E1CA6A7C500F88EC7 /* loadall.png */,
				B5A8033F1CA6A7C500F88EC7 /* tip-off.png */,
				B55E9D7B1C9CFD7D00F581F5 /* capture.png */,
				B55E9D7C1C9CFD7D00F581F5 /* photolibrary.png */,
				B55E9D7D1C9CFD7D00F581F5 /* yantext1.png */,
				B564D0F61C9189C400E903B6 /* bg.png */,
				B5BC10531B8988EE0006EDD4 /* emoticon.png */,
				B523C9FF1B78FDB100944004 /* 1.gif */,
				B523CA001B78FDB100944004 /* appicon1.png */,
				B523CA011B78FDB100944004 /* appicon0.png */,
				B5AFCA0C1C9FFE5A00D9DDB5 /* bgleft.png */,
				B5AFCA0D1C9FFE5A00D9DDB5 /* bgright.png */,
				B523CA021B78FDB100944004 /* appicont.png */,
				B523CA031B78FDB100944004 /* back.png */,
				B523CA041B78FDB100944004 /* back1.png */,
				B523CA051B78FDB100944004 /* backn.png */,
				B523CA061B78FDB100944004 /* edit.png */,
				B523CA071B78FDB100944004 /* edit1.png */,
				B523CA081B78FDB100944004 /* jumppage.png */,
				B523CA091B78FDB100944004 /* more.png */,
				B523CA0A1B78FDB100944004 /* new.png */,
				B523CA0B1B78FDB100944004 /* new1.png */,
				B523CA0C1B78FDB100944004 /* refresh.png */,
				B523CA0D1B78FDB100944004 /* reply.png */,
				B523CA0E1B78FDB100944004 /* reply1.png */,
				B523CA0F1B78FDB100944004 /* reply2.png */,
				B523CA101B78FDB100944004 /* zheshiluwei.jpg */,
			);
			path = images;
			sourceTree = "<group>";
		};
		B55E9D2C1C9A5BEC00F581F5 /* Extension */ = {
			isa = PBXGroup;
			children = (
				B5DAFF3A1CC290E3000551B2 /* Category */,
				B55E9D751C9B091400F581F5 /* FrameLayout.h */,
				B55E9D761C9B091400F581F5 /* FrameLayout.m */,
				B5A803681CAA808F00F88EC7 /* NSLogn.h */,
				B5A803691CAA808F00F88EC7 /* NSLogn.m */,
				B5A8036B1CAA816400F88EC7 /* UIpConfig.h */,
				B5A8036C1CAA816400F88EC7 /* UIpConfig.m */,
				B56E53541CB4017D00998F74 /* ImagesDisplay.h */,
				B56E53551CB4017D00998F74 /* ImagesDisplay.m */,
				B5F24BB31C49F0C40027DAB2 /* DBData.h */,
				B5F24BB41C49F0C40027DAB2 /* DBData.m */,
				B5039B5A1CBBFA3B00C7865F /* Extension.pch */,
			);
			path = Extension;
			sourceTree = SOURCE_ROOT;
		};
		B564D08F1C84A0D700E903B6 /* Vendor */ = {
			isa = PBXGroup;
			children = (
				B5DAFF1A1CC1D9B8000551B2 /* VIPhotoView */,
				B5DAFF171CC1D9B8000551B2 /* RTLabel */,
				B5DAFEE51CC1D9B8000551B2 /* AMSlideMenu */,
			);
			name = Vendor;
			sourceTree = "<group>";
		};
		B5D8D4671B52060C0091DA20 = {
			isa = PBXGroup;
			children = (
				B5D8D4721B52060C0091DA20 /* hacfun */,
				B564D08F1C84A0D700E903B6 /* Vendor */,
				B5D8D48C1B52060C0091DA20 /* hacfunTests */,
				B5D8D4711B52060C0091DA20 /* Products */,
				8C726A920C6B5E19A4949F62 /* Pods */,
				15A9D44EB4021D7ED16A2CCF /* Frameworks */,
			);
			sourceTree = "<group>";
		};
		B5D8D4711B52060C0091DA20 /* Products */ = {
			isa = PBXGroup;
			children = (
				B5D8D4701B52060C0091DA20 /* hacfun.app */,
				B5D8D4891B52060C0091DA20 /* hacfunTests.xctest */,
			);
			name = Products;
			sourceTree = "<group>";
		};
		B5D8D4721B52060C0091DA20 /* hacfun */ = {
			isa = PBXGroup;
			children = (
				B523C9EF1B78FAFD00944004 /* AppConfig */,
				B55E9D2C1C9A5BEC00F581F5 /* Extension */,
				B523C9F21B78FAFD00944004 /* FuncDefine */,
				B523C9DC1B78FADC00944004 /* Conponent */,
				B523C9B91B78FAB500944004 /* ViewController */,
				B5D8D4771B52060C0091DA20 /* AppDelegate.h */,
				B5D8D4781B52060C0091DA20 /* AppDelegate.m */,
				B5D8D4801B52060C0091DA20 /* Images.xcassets */,
				B5D8D4821B52060C0091DA20 /* LaunchScreen.xib */,
				B5D8D4731B52060C0091DA20 /* Supporting Files */,
			);
			path = hacfun;
			sourceTree = "<group>";
		};
		B5D8D4731B52060C0091DA20 /* Supporting Files */ = {
			isa = PBXGroup;
			children = (
				B58D881F1B85621500B9A1BA /* libsqlite3.dylib */,
				B523C9FD1B78FDB100944004 /* Source */,
				B5D8D4741B52060C0091DA20 /* Info.plist */,
				B5D8D4751B52060C0091DA20 /* main.m */,
			);
			name = "Supporting Files";
			sourceTree = "<group>";
		};
		B5D8D48C1B52060C0091DA20 /* hacfunTests */ = {
			isa = PBXGroup;
			children = (
				B5D8D48F1B52060C0091DA20 /* hacfunTests.m */,
				B5D8D48D1B52060C0091DA20 /* Supporting Files */,
			);
			path = hacfunTests;
			sourceTree = "<group>";
		};
		B5D8D48D1B52060C0091DA20 /* Supporting Files */ = {
			isa = PBXGroup;
			children = (
				B5D8D48E1B52060C0091DA20 /* Info.plist */,
			);
			name = "Supporting Files";
			sourceTree = "<group>";
		};
		B5DAFEE51CC1D9B8000551B2 /* AMSlideMenu */ = {
			isa = PBXGroup;
			children = (
				B5DAFEE61CC1D9B8000551B2 /* AMSlideMenuContentSegue.h */,
				B5DAFEE71CC1D9B8000551B2 /* AMSlideMenuContentSegue.m */,
				B5DAFEE81CC1D9B8000551B2 /* AMSlideMenuLeftMenuSegue.h */,
				B5DAFEE91CC1D9B8000551B2 /* AMSlideMenuLeftMenuSegue.m */,
				B5DAFEEA1CC1D9B8000551B2 /* AMSlideMenuLeftTableViewController.h */,
				B5DAFEEB1CC1D9B8000551B2 /* AMSlideMenuLeftTableViewController.m */,
				B5DAFEEC1CC1D9B8000551B2 /* AMSlideMenuMainViewController.h */,
				B5DAFEED1CC1D9B8000551B2 /* AMSlideMenuMainViewController.m */,
				B5DAFEEE1CC1D9B8000551B2 /* AMSlideMenuProtocols.h */,
				B5DAFEEF1CC1D9B8000551B2 /* AMSlideMenuRightMenuSegue.h */,
				B5DAFEF01CC1D9B8000551B2 /* AMSlideMenuRightMenuSegue.m */,
				B5DAFEF11CC1D9B8000551B2 /* AMSlideMenuRightTableViewController.h */,
				B5DAFEF21CC1D9B8000551B2 /* AMSlideMenuRightTableViewController.m */,
				B5DAFEF31CC1D9B8000551B2 /* AMSlideMenuWithoutStoryboard-Prefix.pch */,
				B5DAFEF41CC1D9B8000551B2 /* icon-menu.png */,
				B5DAFEF51CC1D9B8000551B2 /* icon-menu@2x.png */,
				B5DAFEF61CC1D9B8000551B2 /* LeftMenuTVC.h */,
				B5DAFEF71CC1D9B8000551B2 /* LeftMenuTVC.m */,
				B5DAFEF81CC1D9B8000551B2 /* MainVC.h */,
				B5DAFEF91CC1D9B8000551B2 /* MainVC.m */,
				B5DAFEFA1CC1D9B8000551B2 /* RightMenuTVC.h */,
				B5DAFEFB1CC1D9B8000551B2 /* RightMenuTVC.m */,
				B5DAFEFC1CC1D9B8000551B2 /* UIViewController+AMSlideMenu.h */,
				B5DAFEFD1CC1D9B8000551B2 /* UIViewController+AMSlideMenu.m */,
			);
			name = AMSlideMenu;
			path = Vendor/AMSlideMenu;
			sourceTree = "<group>";
		};
		B5DAFF171CC1D9B8000551B2 /* RTLabel */ = {
			isa = PBXGroup;
			children = (
				B5DAFF181CC1D9B8000551B2 /* RTLabel.h */,
				B5DAFF191CC1D9B8000551B2 /* RTLabel.m */,
			);
			name = RTLabel;
			path = Vendor/RTLabel;
			sourceTree = "<group>";
		};
		B5DAFF1A1CC1D9B8000551B2 /* VIPhotoView */ = {
			isa = PBXGroup;
			children = (
				B5DAFF1B1CC1D9B8000551B2 /* VIPhotoView.h */,
				B5DAFF1C1CC1D9B8000551B2 /* VIPhotoView.m */,
			);
			name = VIPhotoView;
			path = Vendor/VIPhotoView;
			sourceTree = "<group>";
		};
		B5DAFF3A1CC290E3000551B2 /* Category */ = {
			isa = PBXGroup;
			children = (
				B5DAFF441CC29650000551B2 /* NSObject+Util.h */,
				B5DAFF451CC29650000551B2 /* NSObject+Util.m */,
				B5DAFF461CC29650000551B2 /* NSThread+Util.h */,
				B5DAFF471CC29650000551B2 /* NSThread+Util.m */,
				B5DAFF3B1CC2918E000551B2 /* NSString+Category.h */,
				B5DAFF3C1CC2918E000551B2 /* NSString+Category.m */,
			);
			name = Category;
			sourceTree = "<group>";
		};
/* End PBXGroup section */

/* Begin PBXNativeTarget section */
		B5D8D46F1B52060C0091DA20 /* hacfun */ = {
			isa = PBXNativeTarget;
			buildConfigurationList = B5D8D4931B52060C0091DA20 /* Build configuration list for PBXNativeTarget "hacfun" */;
			buildPhases = (
				8B20144018185F2F13896B6B /* Check Pods Manifest.lock */,
				B5D8D46C1B52060C0091DA20 /* Sources */,
				B5D8D46D1B52060C0091DA20 /* Frameworks */,
				B5D8D46E1B52060C0091DA20 /* Resources */,
				84D1F55173D692AADBAD6521 /* Embed Pods Frameworks */,
				1330428717D8FC89E37293C0 /* Copy Pods Resources */,
			);
			buildRules = (
			);
			dependencies = (
			);
			name = hacfun;
			productName = hacfun;
			productReference = B5D8D4701B52060C0091DA20 /* hacfun.app */;
			productType = "com.apple.product-type.application";
		};
		B5D8D4881B52060C0091DA20 /* hacfunTests */ = {
			isa = PBXNativeTarget;
			buildConfigurationList = B5D8D4961B52060C0091DA20 /* Build configuration list for PBXNativeTarget "hacfunTests" */;
			buildPhases = (
				B5D8D4851B52060C0091DA20 /* Sources */,
				B5D8D4861B52060C0091DA20 /* Frameworks */,
				B5D8D4871B52060C0091DA20 /* Resources */,
			);
			buildRules = (
			);
			dependencies = (
				B5D8D48B1B52060C0091DA20 /* PBXTargetDependency */,
			);
			name = hacfunTests;
			productName = hacfunTests;
			productReference = B5D8D4891B52060C0091DA20 /* hacfunTests.xctest */;
			productType = "com.apple.product-type.bundle.unit-test";
		};
/* End PBXNativeTarget section */

/* Begin PBXProject section */
		B5D8D4681B52060C0091DA20 /* Project object */ = {
			isa = PBXProject;
			attributes = {
				LastUpgradeCheck = 0720;
				ORGANIZATIONNAME = Ben;
				TargetAttributes = {
					B5D8D46F1B52060C0091DA20 = {
						CreatedOnToolsVersion = 6.1;
					};
					B5D8D4881B52060C0091DA20 = {
						CreatedOnToolsVersion = 6.1;
						TestTargetID = B5D8D46F1B52060C0091DA20;
					};
				};
			};
			buildConfigurationList = B5D8D46B1B52060C0091DA20 /* Build configuration list for PBXProject "hacfun" */;
			compatibilityVersion = "Xcode 3.2";
			developmentRegion = English;
			hasScannedForEncodings = 0;
			knownRegions = (
				en,
				Base,
			);
			mainGroup = B5D8D4671B52060C0091DA20;
			productRefGroup = B5D8D4711B52060C0091DA20 /* Products */;
			projectDirPath = "";
			projectRoot = "";
			targets = (
				B5D8D46F1B52060C0091DA20 /* hacfun */,
				B5D8D4881B52060C0091DA20 /* hacfunTests */,
			);
		};
/* End PBXProject section */

/* Begin PBXResourcesBuildPhase section */
		B5D8D46E1B52060C0091DA20 /* Resources */ = {
			isa = PBXResourcesBuildPhase;
			buildActionMask = 2147483647;
			files = (
				B523CA161B78FDB100944004 /* back1.png in Resources */,
				B5DAFF391CC1E4AF000551B2 /* Default-568h@2x.png in Resources */,
				B523CA1F1B78FDB100944004 /* reply.png in Resources */,
				B523CA1D1B78FDB100944004 /* new1.png in Resources */,
				B55E9D7E1C9CFD7D00F581F5 /* capture.png in Resources */,
				B523CA181B78FDB100944004 /* edit.png in Resources */,
				B5039B241CB8BB8700C7865F /* selected.png in Resources */,
				B523CA1A1B78FDB100944004 /* jumppage.png in Resources */,
				B523CA221B78FDB100944004 /* zheshiluwei.jpg in Resources */,
				B523CA191B78FDB100944004 /* edit1.png in Resources */,
				B5DAFF231CC1D9B8000551B2 /* icon-menu.png in Resources */,
				B5A803401CA6A7C500F88EC7 /* collection.png in Resources */,
				B523CA151B78FDB100944004 /* back.png in Resources */,
				B523CA111B78FDB100944004 /* 1.gif in Resources */,
				B5039B1F1CB7FF1E00C7865F /* buttondelete.png in Resources */,
				B55E9D7F1C9CFD7D00F581F5 /* photolibrary.png in Resources */,
				B523CA121B78FDB100944004 /* appicon1.png in Resources */,
				B5039B381CBA5C1100C7865F /* airdrop1.png in Resources */,
				B5B077201CC626DE00CF50A2 /* db.json in Resources */,
				B523CA1E1B78FDB100944004 /* refresh.png in Resources */,
				B523CA1C1B78FDB100944004 /* new.png in Resources */,
				B5D8D4841B52060C0091DA20 /* LaunchScreen.xib in Resources */,
				B523CA171B78FDB100944004 /* backn.png in Resources */,
				B523CA1B1B78FDB100944004 /* more.png in Resources */,
				B523CA131B78FDB100944004 /* appicon0.png in Resources */,
				B564D0F71C9189C400E903B6 /* bg.png in Resources */,
				B5AFCA0E1C9FFE5A00D9DDB5 /* bgleft.png in Resources */,
				B5039B461CBA5C1100C7865F /* gallery.png in Resources */,
				B5039B451CBA5C1100C7865F /* delete.png in Resources */,
				B5039B201CB7FF1E00C7865F /* buttonsave.png in Resources */,
				B5A803411CA6A7C500F88EC7 /* loadall.png in Resources */,
				B523CA211B78FDB100944004 /* reply2.png in Resources */,
				B5039B391CBA5C1100C7865F /* album.png in Resources */,
				B523CA141B78FDB100944004 /* appicont.png in Resources */,
				B5039B251CB8BB8700C7865F /* unselected.png in Resources */,
				B5039B431CBA5C1100C7865F /* check1.png in Resources */,
				B5A803421CA6A7C500F88EC7 /* tip-off.png in Resources */,
				B5039B211CB7FF1E00C7865F /* buttonshare.png in Resources */,
				B5BC10541B8988EE0006EDD4 /* emoticon.png in Resources */,
				B55E9D801C9CFD7D00F581F5 /* yantext1.png in Resources */,
				B5D8D4811B52060C0091DA20 /* Images.xcassets in Resources */,
				B5039B441CBA5C1100C7865F /* check2.png in Resources */,
				B5DAFF241CC1D9B8000551B2 /* icon-menu@2x.png in Resources */,
				B5AFCA0F1C9FFE5A00D9DDB5 /* bgright.png in Resources */,
				B523CA201B78FDB100944004 /* reply1.png in Resources */,
			);
			runOnlyForDeploymentPostprocessing = 0;
		};
		B5D8D4871B52060C0091DA20 /* Resources */ = {
			isa = PBXResourcesBuildPhase;
			buildActionMask = 2147483647;
			files = (
			);
			runOnlyForDeploymentPostprocessing = 0;
		};
/* End PBXResourcesBuildPhase section */

/* Begin PBXShellScriptBuildPhase section */
		1330428717D8FC89E37293C0 /* Copy Pods Resources */ = {
			isa = PBXShellScriptBuildPhase;
			buildActionMask = 2147483647;
			files = (
			);
			inputPaths = (
			);
			name = "Copy Pods Resources";
			outputPaths = (
			);
			runOnlyForDeploymentPostprocessing = 0;
			shellPath = /bin/sh;
			shellScript = "\"${SRCROOT}/Pods/Target Support Files/Pods/Pods-resources.sh\"\n";
			showEnvVarsInLog = 0;
		};
		84D1F55173D692AADBAD6521 /* Embed Pods Frameworks */ = {
			isa = PBXShellScriptBuildPhase;
			buildActionMask = 2147483647;
			files = (
			);
			inputPaths = (
			);
			name = "Embed Pods Frameworks";
			outputPaths = (
			);
			runOnlyForDeploymentPostprocessing = 0;
			shellPath = /bin/sh;
			shellScript = "\"${SRCROOT}/Pods/Target Support Files/Pods/Pods-frameworks.sh\"\n";
			showEnvVarsInLog = 0;
		};
		8B20144018185F2F13896B6B /* Check Pods Manifest.lock */ = {
			isa = PBXShellScriptBuildPhase;
			buildActionMask = 2147483647;
			files = (
			);
			inputPaths = (
			);
			name = "Check Pods Manifest.lock";
			outputPaths = (
			);
			runOnlyForDeploymentPostprocessing = 0;
			shellPath = /bin/sh;
			shellScript = "diff \"${PODS_ROOT}/../Podfile.lock\" \"${PODS_ROOT}/Manifest.lock\" > /dev/null\nif [[ $? != 0 ]] ; then\n    cat << EOM\nerror: The sandbox is not in sync with the Podfile.lock. Run 'pod install' or update your CocoaPods installation.\nEOM\n    exit 1\nfi\n";
			showEnvVarsInLog = 0;
		};
/* End PBXShellScriptBuildPhase section */

/* Begin PBXSourcesBuildPhase section */
		B5D8D46C1B52060C0091DA20 /* Sources */ = {
			isa = PBXSourcesBuildPhase;
			buildActionMask = 2147483647;
			files = (
				B523C9D31B78FAB500944004 /* CreateViewController.m in Sources */,
				B5DD9A8F1CE214BC00C762AF /* DeveloperViewController.m in Sources */,
				B50D38B91B7F4BE10024E464 /* SettingViewController.m in Sources */,
				B5B666311CACCEA10038A3EF /* PushButton.m in Sources */,
				B5F24BB51C49F0C40027DAB2 /* DBData.m in Sources */,
				B50F99801C109E5900240C9D /* EmoticonCharacterView.m in Sources */,
				B5DAFF271CC1D9B8000551B2 /* RightMenuTVC.m in Sources */,
				B5E137941B7D92E1002B5979 /* ImageViewCache.m in Sources */,
				B523C9DB1B78FAB500944004 /* ThreadsViewController.m in Sources */,
				B5A8036D1CAA816400F88EC7 /* UIpConfig.m in Sources */,
				B56E53531CB4014700998F74 /* GalleryViewController.m in Sources */,
				B5DAFF1F1CC1D9B8000551B2 /* AMSlideMenuLeftTableViewController.m in Sources */,
				B5DAFF261CC1D9B8000551B2 /* MainVC.m in Sources */,
				B523C9EA1B78FADC00944004 /* CookieManage.m in Sources */,
				B523C9F61B78FAFD00944004 /* FuncDefine.m in Sources */,
				B5A058571B9DE86200370557 /* PostViewController.m in Sources */,
				B523C9D41B78FAB500944004 /* ImageViewController.m in Sources */,
				B523C9FB1B78FD6F00944004 /* BannerView.m in Sources */,
				B523C9D91B78FAB500944004 /* DetailViewController.m in Sources */,
				B523C9FC1B78FD6F00944004 /* PostImageView.m in Sources */,
				B5E1378B1B7CDB76002B5979 /* CollectionViewController.m in Sources */,
				B5DAFF281CC1D9B8000551B2 /* UIViewController+AMSlideMenu.m in Sources */,
				B5DAFF211CC1D9B8000551B2 /* AMSlideMenuRightMenuSegue.m in Sources */,
				B5DD9A9E1CE217FB00C762AF /* ModelAndViewInc.m in Sources */,
				B523C9D21B78FAB500944004 /* CategoryViewController.m in Sources */,
				B5DD9A951CE2152000C762AF /* TestViewController.m in Sources */,
				B58D87341B81F2AC00B9A1BA /* CustomViewController.m in Sources */,
				B5D8D4791B52060C0091DA20 /* AppDelegate.m in Sources */,
				B5DAFF341CC1D9B8000551B2 /* VIPhotoView.m in Sources */,
				B5DD9A981CE2154400C762AF /* UICustmizeViewController.m in Sources */,
				B55E9D771C9B091400F581F5 /* FrameLayout.m in Sources */,
				B5DD9A9B1CE215C000C762AF /* PostGroupView.m in Sources */,
				B50F99831C12815700240C9D /* GridView.m in Sources */,
				B5A8036A1CAA808F00F88EC7 /* NSLogn.m in Sources */,
				B5A0585A1B9DE87A00370557 /* ReplyViewController.m in Sources */,
				B523C9ED1B78FADC00944004 /* PostDataCellView.m in Sources */,
				B5DD9A921CE2151500C762AF /* SearchViewController.m in Sources */,
				B5DAFF1E1CC1D9B8000551B2 /* AMSlideMenuLeftMenuSegue.m in Sources */,
				B523C9F51B78FAFD00944004 /* AppConfig.m in Sources */,
				B5D8D4761B52060C0091DA20 /* main.m in Sources */,
				B5DD9A891CE2148F00C762AF /* PostView.m in Sources */,
				B5DAFF3D1CC2918E000551B2 /* NSString+Category.m in Sources */,
				B56E53561CB4017D00998F74 /* ImagesDisplay.m in Sources */,
				B5DAFF221CC1D9B8000551B2 /* AMSlideMenuRightTableViewController.m in Sources */,
				B5F24BB81C49F27E0027DAB2 /* NetworkThreadViewController.m in Sources */,
				B5DAFF331CC1D9B8000551B2 /* RTLabel.m in Sources */,
				B5DAFF491CC29650000551B2 /* NSThread+Util.m in Sources */,
				B5F24BB21C49EBF70027DAB2 /* LocaleViewController.m in Sources */,
				B5DAFF1D1CC1D9B8000551B2 /* AMSlideMenuContentSegue.m in Sources */,
				B523C9EC1B78FADC00944004 /* PostData.m in Sources */,
				B5DAFF371CC1E3E4000551B2 /* Deseprate.m in Sources */,
				B5DAFF481CC29650000551B2 /* NSObject+Util.m in Sources */,
				B523C9E91B78FADC00944004 /* ButtonData.m in Sources */,
				B5DAFF251CC1D9B8000551B2 /* LeftMenuTVC.m in Sources */,
				B523C9EB1B78FADC00944004 /* PopupView.m in Sources */,
				B5DAFF201CC1D9B8000551B2 /* AMSlideMenuMainViewController.m in Sources */,
			);
			runOnlyForDeploymentPostprocessing = 0;
		};
		B5D8D4851B52060C0091DA20 /* Sources */ = {
			isa = PBXSourcesBuildPhase;
			buildActionMask = 2147483647;
			files = (
				B5D8D4901B52060C0091DA20 /* hacfunTests.m in Sources */,
			);
			runOnlyForDeploymentPostprocessing = 0;
		};
/* End PBXSourcesBuildPhase section */

/* Begin PBXTargetDependency section */
		B5D8D48B1B52060C0091DA20 /* PBXTargetDependency */ = {
			isa = PBXTargetDependency;
			target = B5D8D46F1B52060C0091DA20 /* hacfun */;
			targetProxy = B5D8D48A1B52060C0091DA20 /* PBXContainerItemProxy */;
		};
/* End PBXTargetDependency section */

/* Begin PBXVariantGroup section */
		B5D8D4821B52060C0091DA20 /* LaunchScreen.xib */ = {
			isa = PBXVariantGroup;
			children = (
				B5D8D4831B52060C0091DA20 /* Base */,
			);
			name = LaunchScreen.xib;
			sourceTree = "<group>";
		};
/* End PBXVariantGroup section */

/* Begin XCBuildConfiguration section */
		B5D8D4911B52060C0091DA20 /* Debug */ = {
			isa = XCBuildConfiguration;
			buildSettings = {
				ALWAYS_SEARCH_USER_PATHS = NO;
				CLANG_CXX_LANGUAGE_STANDARD = "gnu++0x";
				CLANG_CXX_LIBRARY = "libc++";
				CLANG_ENABLE_MODULES = YES;
				CLANG_ENABLE_OBJC_ARC = YES;
				CLANG_WARN_BOOL_CONVERSION = YES;
				CLANG_WARN_CONSTANT_CONVERSION = YES;
				CLANG_WARN_DIRECT_OBJC_ISA_USAGE = YES_ERROR;
				CLANG_WARN_EMPTY_BODY = YES;
				CLANG_WARN_ENUM_CONVERSION = YES;
				CLANG_WARN_INT_CONVERSION = YES;
				CLANG_WARN_OBJC_ROOT_CLASS = YES_ERROR;
				CLANG_WARN_UNREACHABLE_CODE = YES;
				CLANG_WARN__DUPLICATE_METHOD_MATCH = YES;
				"CODE_SIGN_IDENTITY[sdk=iphoneos*]" = "iPhone Developer";
				COPY_PHASE_STRIP = NO;
				ENABLE_STRICT_OBJC_MSGSEND = YES;
				ENABLE_TESTABILITY = YES;
				GCC_C_LANGUAGE_STANDARD = gnu99;
				GCC_DYNAMIC_NO_PIC = NO;
				GCC_OPTIMIZATION_LEVEL = 0;
				GCC_PREPROCESSOR_DEFINITIONS = (
					"DEBUG=1",
					"$(inherited)",
				);
				GCC_SYMBOLS_PRIVATE_EXTERN = NO;
				GCC_WARN_64_TO_32_BIT_CONVERSION = YES;
				GCC_WARN_ABOUT_RETURN_TYPE = YES_ERROR;
				GCC_WARN_UNDECLARED_SELECTOR = YES;
				GCC_WARN_UNINITIALIZED_AUTOS = YES_AGGRESSIVE;
				GCC_WARN_UNUSED_FUNCTION = YES;
				GCC_WARN_UNUSED_VARIABLE = YES;
				IPHONEOS_DEPLOYMENT_TARGET = 8.1;
				MTL_ENABLE_DEBUG_INFO = YES;
				ONLY_ACTIVE_ARCH = YES;
				SDKROOT = iphoneos;
			};
			name = Debug;
		};
		B5D8D4921B52060C0091DA20 /* Release */ = {
			isa = XCBuildConfiguration;
			buildSettings = {
				ALWAYS_SEARCH_USER_PATHS = NO;
				CLANG_CXX_LANGUAGE_STANDARD = "gnu++0x";
				CLANG_CXX_LIBRARY = "libc++";
				CLANG_ENABLE_MODULES = YES;
				CLANG_ENABLE_OBJC_ARC = YES;
				CLANG_WARN_BOOL_CONVERSION = YES;
				CLANG_WARN_CONSTANT_CONVERSION = YES;
				CLANG_WARN_DIRECT_OBJC_ISA_USAGE = YES_ERROR;
				CLANG_WARN_EMPTY_BODY = YES;
				CLANG_WARN_ENUM_CONVERSION = YES;
				CLANG_WARN_INT_CONVERSION = YES;
				CLANG_WARN_OBJC_ROOT_CLASS = YES_ERROR;
				CLANG_WARN_UNREACHABLE_CODE = YES;
				CLANG_WARN__DUPLICATE_METHOD_MATCH = YES;
				"CODE_SIGN_IDENTITY[sdk=iphoneos*]" = "iPhone Developer";
				COPY_PHASE_STRIP = YES;
				ENABLE_NS_ASSERTIONS = NO;
				ENABLE_STRICT_OBJC_MSGSEND = YES;
				GCC_C_LANGUAGE_STANDARD = gnu99;
				GCC_WARN_64_TO_32_BIT_CONVERSION = YES;
				GCC_WARN_ABOUT_RETURN_TYPE = YES_ERROR;
				GCC_WARN_UNDECLARED_SELECTOR = YES;
				GCC_WARN_UNINITIALIZED_AUTOS = YES_AGGRESSIVE;
				GCC_WARN_UNUSED_FUNCTION = YES;
				GCC_WARN_UNUSED_VARIABLE = YES;
				IPHONEOS_DEPLOYMENT_TARGET = 8.1;
				MTL_ENABLE_DEBUG_INFO = NO;
				SDKROOT = iphoneos;
				VALIDATE_PRODUCT = YES;
			};
			name = Release;
		};
		B5D8D4941B52060C0091DA20 /* Debug */ = {
			isa = XCBuildConfiguration;
			baseConfigurationReference = 1B2B07837930733F6B985C6A /* Pods.debug.xcconfig */;
			buildSettings = {
				ASSETCATALOG_COMPILER_APPICON_NAME = AppIcon;
				CODE_SIGN_IDENTITY = "iPhone Developer";
				"CODE_SIGN_IDENTITY[sdk=iphoneos*]" = "iPhone Developer";
				DEBUG_INFORMATION_FORMAT = dwarf;
				ENABLE_BITCODE = NO;
				GCC_PREFIX_HEADER = "Vendor/AMSlideMenu/AMSlideMenuWithoutStoryboard-Prefix.pch";
				INFOPLIST_FILE = hacfun/Info.plist;
				IPHONEOS_DEPLOYMENT_TARGET = 7.0;
				LD_RUNPATH_SEARCH_PATHS = "$(inherited) @executable_path/Frameworks";
				PRODUCT_BUNDLE_IDENTIFIER = "com.uzhaobin.$(PRODUCT_NAME:rfc1034identifier)";
				PRODUCT_NAME = "$(TARGET_NAME)";
				PROVISIONING_PROFILE = "";
				SDKROOT = iphoneos;
				TARGETED_DEVICE_FAMILY = 1;
			};
			name = Debug;
		};
		B5D8D4951B52060C0091DA20 /* Release */ = {
			isa = XCBuildConfiguration;
			baseConfigurationReference = AADBBF3ED2F206120C64FEE5 /* Pods.release.xcconfig */;
			buildSettings = {
				ASSETCATALOG_COMPILER_APPICON_NAME = AppIcon;
				CODE_SIGN_IDENTITY = "iPhone Developer";
				"CODE_SIGN_IDENTITY[sdk=iphoneos*]" = "iPhone Developer";
				DEBUG_INFORMATION_FORMAT = dwarf;
				ENABLE_BITCODE = NO;
				GCC_PREFIX_HEADER = "Vendor/AMSlideMenu/AMSlideMenuWithoutStoryboard-Prefix.pch";
				INFOPLIST_FILE = hacfun/Info.plist;
				IPHONEOS_DEPLOYMENT_TARGET = 7.0;
				LD_RUNPATH_SEARCH_PATHS = "$(inherited) @executable_path/Frameworks";
				PRODUCT_BUNDLE_IDENTIFIER = "com.uzhaobin.$(PRODUCT_NAME:rfc1034identifier)";
				PRODUCT_NAME = "$(TARGET_NAME)";
				PROVISIONING_PROFILE = "";
				SDKROOT = iphoneos;
				TARGETED_DEVICE_FAMILY = 1;
			};
			name = Release;
		};
		B5D8D4971B52060C0091DA20 /* Debug */ = {
			isa = XCBuildConfiguration;
			buildSettings = {
				BUNDLE_LOADER = "$(TEST_HOST)";
				FRAMEWORK_SEARCH_PATHS = (
					"$(PLATFORM_DIR)/Developer/Library/Frameworks",
					"$(inherited)",
				);
				GCC_PREPROCESSOR_DEFINITIONS = (
					"DEBUG=1",
					"$(inherited)",
				);
				INFOPLIST_FILE = hacfunTests/Info.plist;
				LD_RUNPATH_SEARCH_PATHS = "$(inherited) @executable_path/Frameworks @loader_path/Frameworks";
				PRODUCT_BUNDLE_IDENTIFIER = "com.uzhaobin.$(PRODUCT_NAME:rfc1034identifier)";
				PRODUCT_NAME = "$(TARGET_NAME)";
				TEST_HOST = "$(BUILT_PRODUCTS_DIR)/hacfun.app/hacfun";
			};
			name = Debug;
		};
		B5D8D4981B52060C0091DA20 /* Release */ = {
			isa = XCBuildConfiguration;
			buildSettings = {
				BUNDLE_LOADER = "$(TEST_HOST)";
				FRAMEWORK_SEARCH_PATHS = (
					"$(PLATFORM_DIR)/Developer/Library/Frameworks",
					"$(inherited)",
				);
				INFOPLIST_FILE = hacfunTests/Info.plist;
				LD_RUNPATH_SEARCH_PATHS = "$(inherited) @executable_path/Frameworks @loader_path/Frameworks";
				PRODUCT_BUNDLE_IDENTIFIER = "com.uzhaobin.$(PRODUCT_NAME:rfc1034identifier)";
				PRODUCT_NAME = "$(TARGET_NAME)";
				TEST_HOST = "$(BUILT_PRODUCTS_DIR)/hacfun.app/hacfun";
			};
			name = Release;
		};
/* End XCBuildConfiguration section */

/* Begin XCConfigurationList section */
		B5D8D46B1B52060C0091DA20 /* Build configuration list for PBXProject "hacfun" */ = {
			isa = XCConfigurationList;
			buildConfigurations = (
				B5D8D4911B52060C0091DA20 /* Debug */,
				B5D8D4921B52060C0091DA20 /* Release */,
			);
			defaultConfigurationIsVisible = 0;
			defaultConfigurationName = Release;
		};
		B5D8D4931B52060C0091DA20 /* Build configuration list for PBXNativeTarget "hacfun" */ = {
			isa = XCConfigurationList;
			buildConfigurations = (
				B5D8D4941B52060C0091DA20 /* Debug */,
				B5D8D4951B52060C0091DA20 /* Release */,
			);
			defaultConfigurationIsVisible = 0;
			defaultConfigurationName = Release;
		};
		B5D8D4961B52060C0091DA20 /* Build configuration list for PBXNativeTarget "hacfunTests" */ = {
			isa = XCConfigurationList;
			buildConfigurations = (
				B5D8D4971B52060C0091DA20 /* Debug */,
				B5D8D4981B52060C0091DA20 /* Release */,
			);
			defaultConfigurationIsVisible = 0;
			defaultConfigurationName = Release;
		};
/* End XCConfigurationList section */
	};
	rootObject = B5D8D4681B52060C0091DA20 /* Project object */;
}
